
Microsoft Visual Studio Solution File, Format Version 10.00
# Visual Studio 2008
Project("{2150E333-8FDC-42A3-9474-1A3956D46DE8}") = "framework", "framework", "{30B3FA93-AAC3-44C7-A367-FE78D67E1BE5}"
EndProject
Project("{2150E333-8FDC-42A3-9474-1A3956D46DE8}") = "devices", "devices", "{596E8D6D-681D-4BA0-860A-D164DE398703}"
EndProject
Project("{8BC9CEB8-8B4A-11D0-8D11-00A0C91BC942}") = "cl_sys_utils", "..\utils\cl_sys_utils\cl_sys_utils.vcproj", "{059F5220-0CA4-43D2-A764-1015DD7468DC}"
	ProjectSection(ProjectDependencies) = postProject
		{677C994C-9723-47C1-9961-1BA562C8E9DB} = {677C994C-9723-47C1-9961-1BA562C8E9DB}
		{4B384DFA-EA05-4A1A-9DCA-43984D2F664C} = {4B384DFA-EA05-4A1A-9DCA-43984D2F664C}
	EndProjectSection
EndProject
Project("{2150E333-8FDC-42A3-9474-1A3956D46DE8}") = "validation", "validation", "{6F5E8115-78C7-40B7-8EC9-F507D35C4A02}"
EndProject
Project("{2150E333-8FDC-42A3-9474-1A3956D46DE8}") = "api", "api", "{38A55A60-88FC-484A-8CDC-24917A53F687}"
EndProject
Project("{8BC9CEB8-8B4A-11D0-8D11-00A0C91BC942}") = "cl_api", "..\cl_api\cl_api.vcproj", "{677C994C-9723-47C1-9961-1BA562C8E9DB}"
EndProject
Project("{2150E333-8FDC-42A3-9474-1A3956D46DE8}") = "utils", "utils", "{7225DCD4-AB38-43A1-B9A8-639F74248A0D}"
EndProject
Project("{8BC9CEB8-8B4A-11D0-8D11-00A0C91BC942}") = "cl_logger", "..\utils\cl_logger\cl_logger.vcproj", "{63CB2D50-B3B6-495B-9D20-D2D42B12BB0E}"
	ProjectSection(ProjectDependencies) = postProject
		{059F5220-0CA4-43D2-A764-1015DD7468DC} = {059F5220-0CA4-43D2-A764-1015DD7468DC}
	EndProjectSection
EndProject
Project("{8BC9CEB8-8B4A-11D0-8D11-00A0C91BC942}") = "intelocl", "..\framework\cl_framework.vcproj", "{6F6FAD02-0312-4CDA-A655-44433D346904}"
	ProjectSection(ProjectDependencies) = postProject
		{059F5220-0CA4-43D2-A764-1015DD7468DC} = {059F5220-0CA4-43D2-A764-1015DD7468DC}
		{677C994C-9723-47C1-9961-1BA562C8E9DB} = {677C994C-9723-47C1-9961-1BA562C8E9DB}
		{63CB2D50-B3B6-495B-9D20-D2D42B12BB0E} = {63CB2D50-B3B6-495B-9D20-D2D42B12BB0E}
		{3F37A284-8930-4BE5-9969-6783820B186E} = {3F37A284-8930-4BE5-9969-6783820B186E}
		{CAD221A6-F002-4064-BEDE-92C0C2583DA4} = {CAD221A6-F002-4064-BEDE-92C0C2583DA4}
	EndProjectSection
EndProject
Project("{2150E333-8FDC-42A3-9474-1A3956D46DE8}") = "externals", "externals", "{8B21815E-4FEE-4767-8E48-06E56145ADFF}"
EndProject
Project("{8BC9CEB8-8B4A-11D0-8D11-00A0C91BC942}") = "cpu_device", "..\devices\cpu_device\cpu_device.vcproj", "{5D665182-EC1A-419B-AE99-345024A031A2}"
	ProjectSection(ProjectDependencies) = postProject
		{059F5220-0CA4-43D2-A764-1015DD7468DC} = {059F5220-0CA4-43D2-A764-1015DD7468DC}
		{677C994C-9723-47C1-9961-1BA562C8E9DB} = {677C994C-9723-47C1-9961-1BA562C8E9DB}
		{63CB2D50-B3B6-495B-9D20-D2D42B12BB0E} = {63CB2D50-B3B6-495B-9D20-D2D42B12BB0E}
		{3F37A284-8930-4BE5-9969-6783820B186E} = {3F37A284-8930-4BE5-9969-6783820B186E}
		{B919EE91-32C1-4E03-AE7D-A9DD73426667} = {B919EE91-32C1-4E03-AE7D-A9DD73426667}
		{CAD221A6-F002-4064-BEDE-92C0C2583DA4} = {CAD221A6-F002-4064-BEDE-92C0C2583DA4}
	EndProjectSection
EndProject
Project("{8BC9CEB8-8B4A-11D0-8D11-00A0C91BC942}") = "framework_test_type", "..\validation\types\framework_test_type\framework_test_type.vcproj", "{36A66A81-6A45-400D-834B-FBE7586EA8A7}"
	ProjectSection(ProjectDependencies) = postProject
		{6F6FAD02-0312-4CDA-A655-44433D346904} = {6F6FAD02-0312-4CDA-A655-44433D346904}
		{059F5220-0CA4-43D2-A764-1015DD7468DC} = {059F5220-0CA4-43D2-A764-1015DD7468DC}
		{705D5637-57BD-4FD8-8A92-45A04AFD8102} = {705D5637-57BD-4FD8-8A92-45A04AFD8102}
		{42B96839-8F9C-41EF-A47B-B58F9E4695C0} = {42B96839-8F9C-41EF-A47B-B58F9E4695C0}
		{B919EE91-32C1-4E03-AE7D-A9DD73426667} = {B919EE91-32C1-4E03-AE7D-A9DD73426667}
	EndProjectSection
EndProject
Project("{8BC9CEB8-8B4A-11D0-8D11-00A0C91BC942}") = "cpu_device_test_type", "..\validation\types\cpu_device_test_type\cpu_device_test_type.vcproj", "{705D5637-57BD-4FD8-8A92-45A04AFD8102}"
	ProjectSection(ProjectDependencies) = postProject
		{059F5220-0CA4-43D2-A764-1015DD7468DC} = {059F5220-0CA4-43D2-A764-1015DD7468DC}
		{2FB93933-3FC2-4044-95E5-E4EDBBC55F54} = {2FB93933-3FC2-4044-95E5-E4EDBBC55F54}
		{5D665182-EC1A-419B-AE99-345024A031A2} = {5D665182-EC1A-419B-AE99-345024A031A2}
		{CAD221A6-F002-4064-BEDE-92C0C2583DA4} = {CAD221A6-F002-4064-BEDE-92C0C2583DA4}
	EndProjectSection
EndProject
Project("{2150E333-8FDC-42A3-9474-1A3956D46DE8}") = "fe_compilers", "fe_compilers", "{BEEA76E6-D26F-48D7-BA8C-B442E8EE4C76}"
EndProject
Project("{EAF909A5-FA59-4C3D-9431-0FCC20D5BCF9}") = "clang_compiler", "..\fe_compilers\clang_compiler\clang_compiler.icproj", "{2FB93933-3FC2-4044-95E5-E4EDBBC55F54}"
	ProjectSection(ProjectDependencies) = postProject
		{030F6909-B2FA-4E53-BEA7-9A559CFC2F73} = {030F6909-B2FA-4E53-BEA7-9A559CFC2F73}
		{059F5220-0CA4-43D2-A764-1015DD7468DC} = {059F5220-0CA4-43D2-A764-1015DD7468DC}
		{677C994C-9723-47C1-9961-1BA562C8E9DB} = {677C994C-9723-47C1-9961-1BA562C8E9DB}
		{63CB2D50-B3B6-495B-9D20-D2D42B12BB0E} = {63CB2D50-B3B6-495B-9D20-D2D42B12BB0E}
		{298B4876-6EF1-4E80-85D7-72F80693BBEB} = {298B4876-6EF1-4E80-85D7-72F80693BBEB}
		{015C837E-7B32-4639-BE07-EAF5C5BE9891} = {015C837E-7B32-4639-BE07-EAF5C5BE9891}
		{F43AA489-FFEA-446A-8795-E447DA9BA204} = {F43AA489-FFEA-446A-8795-E447DA9BA204}
		{4CEC5897-D957-47E7-A6AE-2021D4F44A8F} = {4CEC5897-D957-47E7-A6AE-2021D4F44A8F}
		{CAD221A6-F002-4064-BEDE-92C0C2583DA4} = {CAD221A6-F002-4064-BEDE-92C0C2583DA4}
		{5125C3DB-FBD6-4BF8-8D8B-CE51D6E93BCD} = {5125C3DB-FBD6-4BF8-8D8B-CE51D6E93BCD}
		{AECB78DF-C319-4D49-B2FD-F98F62EBBDF4} = {AECB78DF-C319-4D49-B2FD-F98F62EBBDF4}
		{FA0BD0E3-0A8A-42CB-96F1-DE6F73A9DFEC} = {FA0BD0E3-0A8A-42CB-96F1-DE6F73A9DFEC}
		{C94192E6-AE29-40A2-AA46-57DCF50DBBBD} = {C94192E6-AE29-40A2-AA46-57DCF50DBBBD}
		{EBBB89E7-F4CE-42C1-B964-A18A98ED0D62} = {EBBB89E7-F4CE-42C1-B964-A18A98ED0D62}
		{A0A072EF-D8F1-4314-B663-FE579B1D5D0D} = {A0A072EF-D8F1-4314-B663-FE579B1D5D0D}
		{4A62D6F0-1997-46F4-BED4-2A680EB0AC6B} = {4A62D6F0-1997-46F4-BED4-2A680EB0AC6B}
		{CB26AFF6-7ED9-4046-ABB8-4CB9BE32EEB3} = {CB26AFF6-7ED9-4046-ABB8-4CB9BE32EEB3}
	EndProjectSection
EndProject
Project("{2150E333-8FDC-42A3-9474-1A3956D46DE8}") = "clang", "clang", "{9B07D66C-4135-42CE-8EAC-92BA47B53803}"
EndProject
Project("{8BC9CEB8-8B4A-11D0-8D11-00A0C91BC942}") = "conformance_test_type", "..\validation\types\conformance_test_type\conformance_test_type.vcproj", "{77DDE656-D6D8-4E6A-A73C-186EC138601D}"
	ProjectSection(ProjectDependencies) = postProject
		{BB511E3F-81C2-4D8E-B0AF-6A74C9F2E357} = {BB511E3F-81C2-4D8E-B0AF-6A74C9F2E357}
	EndProjectSection
EndProject
Project("{8BC9CEB8-8B4A-11D0-8D11-00A0C91BC942}") = "OpenCL", "..\framework\icd\icd.vcproj", "{BB511E3F-81C2-4D8E-B0AF-6A74C9F2E357}"
	ProjectSection(ProjectDependencies) = postProject
		{6F6FAD02-0312-4CDA-A655-44433D346904} = {6F6FAD02-0312-4CDA-A655-44433D346904}
		{677C994C-9723-47C1-9961-1BA562C8E9DB} = {677C994C-9723-47C1-9961-1BA562C8E9DB}
	EndProjectSection
EndProject
Project("{8BC9CEB8-8B4A-11D0-8D11-00A0C91BC942}") = "task_executor", "..\utils\task_executor\task_executor.vcproj", "{CAD221A6-F002-4064-BEDE-92C0C2583DA4}"
	ProjectSection(ProjectDependencies) = postProject
		{059F5220-0CA4-43D2-A764-1015DD7468DC} = {059F5220-0CA4-43D2-A764-1015DD7468DC}
		{677C994C-9723-47C1-9961-1BA562C8E9DB} = {677C994C-9723-47C1-9961-1BA562C8E9DB}
		{63CB2D50-B3B6-495B-9D20-D2D42B12BB0E} = {63CB2D50-B3B6-495B-9D20-D2D42B12BB0E}
		{3F37A284-8930-4BE5-9969-6783820B186E} = {3F37A284-8930-4BE5-9969-6783820B186E}
		{4B384DFA-EA05-4A1A-9DCA-43984D2F664C} = {4B384DFA-EA05-4A1A-9DCA-43984D2F664C}
	EndProjectSection
EndProject
Project("{2150E333-8FDC-42A3-9474-1A3956D46DE8}") = "tal", "tal", "{4DB6F1C0-05E1-4C40-AED7-9BC3BD948745}"
EndProject
Project("{8BC9CEB8-8B4A-11D0-8D11-00A0C91BC942}") = "tal", "..\externals\tal\tal.vcproj", "{3F37A284-8930-4BE5-9969-6783820B186E}"
EndProject
Project("{8BC9CEB8-8B4A-11D0-8D11-00A0C91BC942}") = "build_test_type", "..\validation\types\build_test_type\build_test_type.vcproj", "{A6838D1B-9B12-4786-BB94-68A0C63C1E50}"
EndProject
Project("{2150E333-8FDC-42A3-9474-1A3956D46DE8}") = "VTune", "VTune", "{80896BD2-F8DC-430F-84BD-806F7F516248}"
EndProject
Project("{8BC9CEB8-8B4A-11D0-8D11-00A0C91BC942}") = "VTune", "..\externals\VTune\VTune.vcproj", "{D8AD6EC0-FEC6-4FAE-A8D4-14A0C15F6B66}"
EndProject
Project("{2150E333-8FDC-42A3-9474-1A3956D46DE8}") = "tbb", "tbb", "{55504A91-716B-47F7-9959-82337A38E1A1}"
EndProject
Project("{8BC9CEB8-8B4A-11D0-8D11-00A0C91BC942}") = "tbb", "..\externals\tbb\tbb.vcproj", "{4B384DFA-EA05-4A1A-9DCA-43984D2F664C}"
EndProject
Project("{8BC9CEB8-8B4A-11D0-8D11-00A0C91BC942}") = "built_in_func_test_type", "..\validation\types\built_in_func_test_type\built_in_func_test_type.vcproj", "{9A105D96-D413-4F96-939D-941BB2FE8F8D}"
	ProjectSection(ProjectDependencies) = postProject
		{6F6FAD02-0312-4CDA-A655-44433D346904} = {6F6FAD02-0312-4CDA-A655-44433D346904}
	EndProjectSection
EndProject
Project("{2150E333-8FDC-42A3-9474-1A3956D46DE8}") = "tools", "tools", "{8B60E32C-6B1D-42AE-A8C8-2C6915624F0A}"
EndProject
Project("{8BC9CEB8-8B4A-11D0-8D11-00A0C91BC942}") = "workloads_test_type", "..\validation\types\workloads_test_type\workloads_test_type.vcproj", "{FF723BF3-7CAC-40A0-9666-F4FF4114BC4C}"
	ProjectSection(ProjectDependencies) = postProject
		{6F6FAD02-0312-4CDA-A655-44433D346904} = {6F6FAD02-0312-4CDA-A655-44433D346904}
	EndProjectSection
EndProject
Project("{8BC9CEB8-8B4A-11D0-8D11-00A0C91BC942}") = "clangAnalisys", "..\externals\clang\build\clangAnalysis\clangAnalysis.vcproj", "{F43AA489-FFEA-446A-8795-E447DA9BA204}"
	ProjectSection(ProjectDependencies) = postProject
		{298B4876-6EF1-4E80-85D7-72F80693BBEB} = {298B4876-6EF1-4E80-85D7-72F80693BBEB}
		{4CEC5897-D957-47E7-A6AE-2021D4F44A8F} = {4CEC5897-D957-47E7-A6AE-2021D4F44A8F}
		{5125C3DB-FBD6-4BF8-8D8B-CE51D6E93BCD} = {5125C3DB-FBD6-4BF8-8D8B-CE51D6E93BCD}
	EndProjectSection
EndProject
Project("{8BC9CEB8-8B4A-11D0-8D11-00A0C91BC942}") = "clangAST", "..\externals\clang\build\clangAST\clangAST.vcproj", "{5125C3DB-FBD6-4BF8-8D8B-CE51D6E93BCD}"
	ProjectSection(ProjectDependencies) = postProject
		{030F6909-B2FA-4E53-BEA7-9A559CFC2F73} = {030F6909-B2FA-4E53-BEA7-9A559CFC2F73}
		{298B4876-6EF1-4E80-85D7-72F80693BBEB} = {298B4876-6EF1-4E80-85D7-72F80693BBEB}
		{EBBB89E7-F4CE-42C1-B964-A18A98ED0D62} = {EBBB89E7-F4CE-42C1-B964-A18A98ED0D62}
	EndProjectSection
EndProject
Project("{8BC9CEB8-8B4A-11D0-8D11-00A0C91BC942}") = "clangBasic", "..\externals\clang\build\clangBasic\clangBasic.vcproj", "{298B4876-6EF1-4E80-85D7-72F80693BBEB}"
	ProjectSection(ProjectDependencies) = postProject
		{B919EE91-32C1-4E03-AE7D-A9DD73426667} = {B919EE91-32C1-4E03-AE7D-A9DD73426667}
	EndProjectSection
EndProject
Project("{8BC9CEB8-8B4A-11D0-8D11-00A0C91BC942}") = "clangChecker", "..\externals\clang\build\clangChecker\clangChecker.vcproj", "{CB26AFF6-7ED9-4046-ABB8-4CB9BE32EEB3}"
	ProjectSection(ProjectDependencies) = postProject
		{030F6909-B2FA-4E53-BEA7-9A559CFC2F73} = {030F6909-B2FA-4E53-BEA7-9A559CFC2F73}
		{298B4876-6EF1-4E80-85D7-72F80693BBEB} = {298B4876-6EF1-4E80-85D7-72F80693BBEB}
		{F43AA489-FFEA-446A-8795-E447DA9BA204} = {F43AA489-FFEA-446A-8795-E447DA9BA204}
		{4CEC5897-D957-47E7-A6AE-2021D4F44A8F} = {4CEC5897-D957-47E7-A6AE-2021D4F44A8F}
		{5125C3DB-FBD6-4BF8-8D8B-CE51D6E93BCD} = {5125C3DB-FBD6-4BF8-8D8B-CE51D6E93BCD}
	EndProjectSection
EndProject
Project("{8BC9CEB8-8B4A-11D0-8D11-00A0C91BC942}") = "clangCodeGen", "..\externals\clang\build\clangCodeGen\clangCodeGen.vcproj", "{4CEC5897-D957-47E7-A6AE-2021D4F44A8F}"
	ProjectSection(ProjectDependencies) = postProject
		{030F6909-B2FA-4E53-BEA7-9A559CFC2F73} = {030F6909-B2FA-4E53-BEA7-9A559CFC2F73}
		{298B4876-6EF1-4E80-85D7-72F80693BBEB} = {298B4876-6EF1-4E80-85D7-72F80693BBEB}
		{015C837E-7B32-4639-BE07-EAF5C5BE9891} = {015C837E-7B32-4639-BE07-EAF5C5BE9891}
		{5125C3DB-FBD6-4BF8-8D8B-CE51D6E93BCD} = {5125C3DB-FBD6-4BF8-8D8B-CE51D6E93BCD}
		{EBBB89E7-F4CE-42C1-B964-A18A98ED0D62} = {EBBB89E7-F4CE-42C1-B964-A18A98ED0D62}
	EndProjectSection
EndProject
Project("{EAF909A5-FA59-4C3D-9431-0FCC20D5BCF9}") = "clangDriver", "..\externals\clang\build\clangDriver\clangDriver.icproj", "{C94192E6-AE29-40A2-AA46-57DCF50DBBBD}"
	ProjectSection(ProjectDependencies) = postProject
		{030F6909-B2FA-4E53-BEA7-9A559CFC2F73} = {030F6909-B2FA-4E53-BEA7-9A559CFC2F73}
		{298B4876-6EF1-4E80-85D7-72F80693BBEB} = {298B4876-6EF1-4E80-85D7-72F80693BBEB}
		{015C837E-7B32-4639-BE07-EAF5C5BE9891} = {015C837E-7B32-4639-BE07-EAF5C5BE9891}
		{F43AA489-FFEA-446A-8795-E447DA9BA204} = {F43AA489-FFEA-446A-8795-E447DA9BA204}
		{4CEC5897-D957-47E7-A6AE-2021D4F44A8F} = {4CEC5897-D957-47E7-A6AE-2021D4F44A8F}
		{5125C3DB-FBD6-4BF8-8D8B-CE51D6E93BCD} = {5125C3DB-FBD6-4BF8-8D8B-CE51D6E93BCD}
		{AECB78DF-C319-4D49-B2FD-F98F62EBBDF4} = {AECB78DF-C319-4D49-B2FD-F98F62EBBDF4}
		{FA0BD0E3-0A8A-42CB-96F1-DE6F73A9DFEC} = {FA0BD0E3-0A8A-42CB-96F1-DE6F73A9DFEC}
		{EBBB89E7-F4CE-42C1-B964-A18A98ED0D62} = {EBBB89E7-F4CE-42C1-B964-A18A98ED0D62}
		{A0A072EF-D8F1-4314-B663-FE579B1D5D0D} = {A0A072EF-D8F1-4314-B663-FE579B1D5D0D}
		{4A62D6F0-1997-46F4-BED4-2A680EB0AC6B} = {4A62D6F0-1997-46F4-BED4-2A680EB0AC6B}
		{CB26AFF6-7ED9-4046-ABB8-4CB9BE32EEB3} = {CB26AFF6-7ED9-4046-ABB8-4CB9BE32EEB3}
	EndProjectSection
EndProject
Project("{8BC9CEB8-8B4A-11D0-8D11-00A0C91BC942}") = "clangDriverLib", "..\externals\clang\build\clangDriverLib\clangDriverLib.vcproj", "{FA0BD0E3-0A8A-42CB-96F1-DE6F73A9DFEC}"
	ProjectSection(ProjectDependencies) = postProject
		{030F6909-B2FA-4E53-BEA7-9A559CFC2F73} = {030F6909-B2FA-4E53-BEA7-9A559CFC2F73}
		{298B4876-6EF1-4E80-85D7-72F80693BBEB} = {298B4876-6EF1-4E80-85D7-72F80693BBEB}
		{015C837E-7B32-4639-BE07-EAF5C5BE9891} = {015C837E-7B32-4639-BE07-EAF5C5BE9891}
		{F43AA489-FFEA-446A-8795-E447DA9BA204} = {F43AA489-FFEA-446A-8795-E447DA9BA204}
		{4CEC5897-D957-47E7-A6AE-2021D4F44A8F} = {4CEC5897-D957-47E7-A6AE-2021D4F44A8F}
		{5125C3DB-FBD6-4BF8-8D8B-CE51D6E93BCD} = {5125C3DB-FBD6-4BF8-8D8B-CE51D6E93BCD}
		{AECB78DF-C319-4D49-B2FD-F98F62EBBDF4} = {AECB78DF-C319-4D49-B2FD-F98F62EBBDF4}
		{EBBB89E7-F4CE-42C1-B964-A18A98ED0D62} = {EBBB89E7-F4CE-42C1-B964-A18A98ED0D62}
		{A0A072EF-D8F1-4314-B663-FE579B1D5D0D} = {A0A072EF-D8F1-4314-B663-FE579B1D5D0D}
		{4A62D6F0-1997-46F4-BED4-2A680EB0AC6B} = {4A62D6F0-1997-46F4-BED4-2A680EB0AC6B}
		{CB26AFF6-7ED9-4046-ABB8-4CB9BE32EEB3} = {CB26AFF6-7ED9-4046-ABB8-4CB9BE32EEB3}
	EndProjectSection
EndProject
Project("{8BC9CEB8-8B4A-11D0-8D11-00A0C91BC942}") = "clangFrontend", "..\externals\clang\build\clangFrontend\clangFrontend.vcproj", "{AECB78DF-C319-4D49-B2FD-F98F62EBBDF4}"
	ProjectSection(ProjectDependencies) = postProject
		{030F6909-B2FA-4E53-BEA7-9A559CFC2F73} = {030F6909-B2FA-4E53-BEA7-9A559CFC2F73}
		{298B4876-6EF1-4E80-85D7-72F80693BBEB} = {298B4876-6EF1-4E80-85D7-72F80693BBEB}
		{015C837E-7B32-4639-BE07-EAF5C5BE9891} = {015C837E-7B32-4639-BE07-EAF5C5BE9891}
		{F43AA489-FFEA-446A-8795-E447DA9BA204} = {F43AA489-FFEA-446A-8795-E447DA9BA204}
		{4CEC5897-D957-47E7-A6AE-2021D4F44A8F} = {4CEC5897-D957-47E7-A6AE-2021D4F44A8F}
		{5125C3DB-FBD6-4BF8-8D8B-CE51D6E93BCD} = {5125C3DB-FBD6-4BF8-8D8B-CE51D6E93BCD}
		{EBBB89E7-F4CE-42C1-B964-A18A98ED0D62} = {EBBB89E7-F4CE-42C1-B964-A18A98ED0D62}
		{4A62D6F0-1997-46F4-BED4-2A680EB0AC6B} = {4A62D6F0-1997-46F4-BED4-2A680EB0AC6B}
		{CB26AFF6-7ED9-4046-ABB8-4CB9BE32EEB3} = {CB26AFF6-7ED9-4046-ABB8-4CB9BE32EEB3}
	EndProjectSection
EndProject
Project("{8BC9CEB8-8B4A-11D0-8D11-00A0C91BC942}") = "clangIndex", "..\externals\clang\build\clangIndex\clangIndex.vcproj", "{A0A072EF-D8F1-4314-B663-FE579B1D5D0D}"
	ProjectSection(ProjectDependencies) = postProject
		{298B4876-6EF1-4E80-85D7-72F80693BBEB} = {298B4876-6EF1-4E80-85D7-72F80693BBEB}
		{F43AA489-FFEA-446A-8795-E447DA9BA204} = {F43AA489-FFEA-446A-8795-E447DA9BA204}
		{4CEC5897-D957-47E7-A6AE-2021D4F44A8F} = {4CEC5897-D957-47E7-A6AE-2021D4F44A8F}
		{5125C3DB-FBD6-4BF8-8D8B-CE51D6E93BCD} = {5125C3DB-FBD6-4BF8-8D8B-CE51D6E93BCD}
		{AECB78DF-C319-4D49-B2FD-F98F62EBBDF4} = {AECB78DF-C319-4D49-B2FD-F98F62EBBDF4}
		{CB26AFF6-7ED9-4046-ABB8-4CB9BE32EEB3} = {CB26AFF6-7ED9-4046-ABB8-4CB9BE32EEB3}
	EndProjectSection
EndProject
Project("{8BC9CEB8-8B4A-11D0-8D11-00A0C91BC942}") = "clangLex", "..\externals\clang\build\clangLex\clangLex.vcproj", "{030F6909-B2FA-4E53-BEA7-9A559CFC2F73}"
	ProjectSection(ProjectDependencies) = postProject
		{298B4876-6EF1-4E80-85D7-72F80693BBEB} = {298B4876-6EF1-4E80-85D7-72F80693BBEB}
	EndProjectSection
EndProject
Project("{EAF909A5-FA59-4C3D-9431-0FCC20D5BCF9}") = "clangParse", "..\externals\clang\build\clangParse\clangParse.icproj", "{EBBB89E7-F4CE-42C1-B964-A18A98ED0D62}"
	ProjectSection(ProjectDependencies) = postProject
		{030F6909-B2FA-4E53-BEA7-9A559CFC2F73} = {030F6909-B2FA-4E53-BEA7-9A559CFC2F73}
		{298B4876-6EF1-4E80-85D7-72F80693BBEB} = {298B4876-6EF1-4E80-85D7-72F80693BBEB}
	EndProjectSection
EndProject
Project("{8BC9CEB8-8B4A-11D0-8D11-00A0C91BC942}") = "clangRewrite", "..\externals\clang\build\clangRewrite\clangRewrite.vcproj", "{4A62D6F0-1997-46F4-BED4-2A680EB0AC6B}"
	ProjectSection(ProjectDependencies) = postProject
		{298B4876-6EF1-4E80-85D7-72F80693BBEB} = {298B4876-6EF1-4E80-85D7-72F80693BBEB}
		{F43AA489-FFEA-446A-8795-E447DA9BA204} = {F43AA489-FFEA-446A-8795-E447DA9BA204}
		{4CEC5897-D957-47E7-A6AE-2021D4F44A8F} = {4CEC5897-D957-47E7-A6AE-2021D4F44A8F}
		{5125C3DB-FBD6-4BF8-8D8B-CE51D6E93BCD} = {5125C3DB-FBD6-4BF8-8D8B-CE51D6E93BCD}
		{CB26AFF6-7ED9-4046-ABB8-4CB9BE32EEB3} = {CB26AFF6-7ED9-4046-ABB8-4CB9BE32EEB3}
	EndProjectSection
EndProject
Project("{EAF909A5-FA59-4C3D-9431-0FCC20D5BCF9}") = "clangSema", "..\externals\clang\build\clangSema\clangSema.icproj", "{015C837E-7B32-4639-BE07-EAF5C5BE9891}"
	ProjectSection(ProjectDependencies) = postProject
		{030F6909-B2FA-4E53-BEA7-9A559CFC2F73} = {030F6909-B2FA-4E53-BEA7-9A559CFC2F73}
		{298B4876-6EF1-4E80-85D7-72F80693BBEB} = {298B4876-6EF1-4E80-85D7-72F80693BBEB}
		{5125C3DB-FBD6-4BF8-8D8B-CE51D6E93BCD} = {5125C3DB-FBD6-4BF8-8D8B-CE51D6E93BCD}
		{EBBB89E7-F4CE-42C1-B964-A18A98ED0D62} = {EBBB89E7-F4CE-42C1-B964-A18A98ED0D62}
	EndProjectSection
EndProject
Project("{8BC9CEB8-8B4A-11D0-8D11-00A0C91BC942}") = "clang", "..\externals\clang\build\clang.vcproj", "{22314EE0-38C3-48E4-93A5-7DF94F6C2D31}"
	ProjectSection(ProjectDependencies) = postProject
		{030F6909-B2FA-4E53-BEA7-9A559CFC2F73} = {030F6909-B2FA-4E53-BEA7-9A559CFC2F73}
		{298B4876-6EF1-4E80-85D7-72F80693BBEB} = {298B4876-6EF1-4E80-85D7-72F80693BBEB}
		{015C837E-7B32-4639-BE07-EAF5C5BE9891} = {015C837E-7B32-4639-BE07-EAF5C5BE9891}
		{F43AA489-FFEA-446A-8795-E447DA9BA204} = {F43AA489-FFEA-446A-8795-E447DA9BA204}
		{4CEC5897-D957-47E7-A6AE-2021D4F44A8F} = {4CEC5897-D957-47E7-A6AE-2021D4F44A8F}
		{5125C3DB-FBD6-4BF8-8D8B-CE51D6E93BCD} = {5125C3DB-FBD6-4BF8-8D8B-CE51D6E93BCD}
		{AECB78DF-C319-4D49-B2FD-F98F62EBBDF4} = {AECB78DF-C319-4D49-B2FD-F98F62EBBDF4}
		{FA0BD0E3-0A8A-42CB-96F1-DE6F73A9DFEC} = {FA0BD0E3-0A8A-42CB-96F1-DE6F73A9DFEC}
		{C94192E6-AE29-40A2-AA46-57DCF50DBBBD} = {C94192E6-AE29-40A2-AA46-57DCF50DBBBD}
		{EBBB89E7-F4CE-42C1-B964-A18A98ED0D62} = {EBBB89E7-F4CE-42C1-B964-A18A98ED0D62}
		{A0A072EF-D8F1-4314-B663-FE579B1D5D0D} = {A0A072EF-D8F1-4314-B663-FE579B1D5D0D}
		{4A62D6F0-1997-46F4-BED4-2A680EB0AC6B} = {4A62D6F0-1997-46F4-BED4-2A680EB0AC6B}
		{CB26AFF6-7ED9-4046-ABB8-4CB9BE32EEB3} = {CB26AFF6-7ED9-4046-ABB8-4CB9BE32EEB3}
	EndProjectSection
EndProject
Project("{FAE04EC0-301F-11D3-BF4B-00C04F79EFBC}") = "OfflineCompiler", "..\tools\OfflineCompiler\OfflineCompiler.csproj", "{EDE39C00-2092-47CE-B464-ED9B103D25DF}"
	ProjectSection(ProjectDependencies) = postProject
		{1740CF80-22F1-41B3-B5C0-34CAF94364DA} = {1740CF80-22F1-41B3-B5C0-34CAF94364DA}
	EndProjectSection
EndProject
Project("{8BC9CEB8-8B4A-11D0-8D11-00A0C91BC942}") = "ioc", "..\tools\OfflineCompiler\ioc_dll\ioc.vcproj", "{1740CF80-22F1-41B3-B5C0-34CAF94364DA}"
	ProjectSection(ProjectDependencies) = postProject
		{6F6FAD02-0312-4CDA-A655-44433D346904} = {6F6FAD02-0312-4CDA-A655-44433D346904}
	EndProjectSection
EndProject
Project("{FAE04EC0-301F-11D3-BF4B-00C04F79EFBC}") = "OpenCLTracer", "..\tools\OpenCLTracer\OpenCLTracer.csproj", "{0CFC7822-9077-4D6B-AE31-B3807746439F}"
EndProject
Project("{2150E333-8FDC-42A3-9474-1A3956D46DE8}") = "OclBackEndBuild", "OclBackEndBuild", "{C989D59D-19C6-4693-B02D-2103889D7615}"
EndProject
Project("{8BC9CEB8-8B4A-11D0-8D11-00A0C91BC942}") = "llvm_build", "..\externals\llvm_build\llvm_build.vcproj", "{B919EE91-32C1-4E03-AE7D-A9DD73426667}"
EndProject
Project("{2150E333-8FDC-42A3-9474-1A3956D46DE8}") = "gtest", "gtest", "{2947F32E-3C3E-491E-8505-1BE012B45C96}"
EndProject
Project("{8BC9CEB8-8B4A-11D0-8D11-00A0C91BC942}") = "gtest", "..\externals\gtest\gtest.vcproj", "{42B96839-8F9C-41EF-A47B-B58F9E4695C0}"
EndProject
Project("{8BC9CEB8-8B4A-11D0-8D11-00A0C91BC942}") = "builtins_build", "..\externals\builtins_build\builtins_build.vcproj", "{B02D794C-0FD7-4073-BC2F-629DC7BA19A0}"
	ProjectSection(ProjectDependencies) = postProject
		{2FB93933-3FC2-4044-95E5-E4EDBBC55F54} = {2FB93933-3FC2-4044-95E5-E4EDBBC55F54}
		{22314EE0-38C3-48E4-93A5-7DF94F6C2D31} = {22314EE0-38C3-48E4-93A5-7DF94F6C2D31}
		{C94192E6-AE29-40A2-AA46-57DCF50DBBBD} = {C94192E6-AE29-40A2-AA46-57DCF50DBBBD}
	EndProjectSection
EndProject
Global
	GlobalSection(SolutionConfigurationPlatforms) = preSolution
		Debug|Win32 = Debug|Win32
		Debug|x64 = Debug|x64
		DebugOnXP|Win32 = DebugOnXP|Win32
		DebugOnXP|x64 = DebugOnXP|x64
		Release|Win32 = Release|Win32
		Release|x64 = Release|x64
	EndGlobalSection
	GlobalSection(ProjectConfigurationPlatforms) = postSolution
		{059F5220-0CA4-43D2-A764-1015DD7468DC}.Debug|Win32.ActiveCfg = Debug|Win32
		{059F5220-0CA4-43D2-A764-1015DD7468DC}.Debug|Win32.Build.0 = Debug|Win32
		{059F5220-0CA4-43D2-A764-1015DD7468DC}.Debug|x64.ActiveCfg = Debug|x64
		{059F5220-0CA4-43D2-A764-1015DD7468DC}.Debug|x64.Build.0 = Debug|x64
		{059F5220-0CA4-43D2-A764-1015DD7468DC}.DebugOnXP|Win32.ActiveCfg = Debug|x64
		{059F5220-0CA4-43D2-A764-1015DD7468DC}.DebugOnXP|x64.ActiveCfg = Debug|x64
		{059F5220-0CA4-43D2-A764-1015DD7468DC}.DebugOnXP|x64.Build.0 = Debug|x64
		{059F5220-0CA4-43D2-A764-1015DD7468DC}.Release|Win32.ActiveCfg = Release|Win32
		{059F5220-0CA4-43D2-A764-1015DD7468DC}.Release|Win32.Build.0 = Release|Win32
		{059F5220-0CA4-43D2-A764-1015DD7468DC}.Release|x64.ActiveCfg = Release|x64
		{059F5220-0CA4-43D2-A764-1015DD7468DC}.Release|x64.Build.0 = Release|x64
		{677C994C-9723-47C1-9961-1BA562C8E9DB}.Debug|Win32.ActiveCfg = Debug|Win32
		{677C994C-9723-47C1-9961-1BA562C8E9DB}.Debug|Win32.Build.0 = Debug|Win32
		{677C994C-9723-47C1-9961-1BA562C8E9DB}.Debug|x64.ActiveCfg = Debug|x64
		{677C994C-9723-47C1-9961-1BA562C8E9DB}.Debug|x64.Build.0 = Debug|x64
		{677C994C-9723-47C1-9961-1BA562C8E9DB}.DebugOnXP|Win32.ActiveCfg = Debug|x64
		{677C994C-9723-47C1-9961-1BA562C8E9DB}.DebugOnXP|x64.ActiveCfg = Debug|x64
		{677C994C-9723-47C1-9961-1BA562C8E9DB}.DebugOnXP|x64.Build.0 = Debug|x64
		{677C994C-9723-47C1-9961-1BA562C8E9DB}.Release|Win32.ActiveCfg = Release|Win32
		{677C994C-9723-47C1-9961-1BA562C8E9DB}.Release|Win32.Build.0 = Release|Win32
		{677C994C-9723-47C1-9961-1BA562C8E9DB}.Release|x64.ActiveCfg = Release|x64
		{677C994C-9723-47C1-9961-1BA562C8E9DB}.Release|x64.Build.0 = Release|x64
		{63CB2D50-B3B6-495B-9D20-D2D42B12BB0E}.Debug|Win32.ActiveCfg = Debug|Win32
		{63CB2D50-B3B6-495B-9D20-D2D42B12BB0E}.Debug|Win32.Build.0 = Debug|Win32
		{63CB2D50-B3B6-495B-9D20-D2D42B12BB0E}.Debug|x64.ActiveCfg = Debug|x64
		{63CB2D50-B3B6-495B-9D20-D2D42B12BB0E}.Debug|x64.Build.0 = Debug|x64
		{63CB2D50-B3B6-495B-9D20-D2D42B12BB0E}.DebugOnXP|Win32.ActiveCfg = Debug|x64
		{63CB2D50-B3B6-495B-9D20-D2D42B12BB0E}.DebugOnXP|x64.ActiveCfg = Debug|x64
		{63CB2D50-B3B6-495B-9D20-D2D42B12BB0E}.DebugOnXP|x64.Build.0 = Debug|x64
		{63CB2D50-B3B6-495B-9D20-D2D42B12BB0E}.Release|Win32.ActiveCfg = Release|Win32
		{63CB2D50-B3B6-495B-9D20-D2D42B12BB0E}.Release|Win32.Build.0 = Release|Win32
		{63CB2D50-B3B6-495B-9D20-D2D42B12BB0E}.Release|x64.ActiveCfg = Release|x64
		{63CB2D50-B3B6-495B-9D20-D2D42B12BB0E}.Release|x64.Build.0 = Release|x64
		{6F6FAD02-0312-4CDA-A655-44433D346904}.Debug|Win32.ActiveCfg = Debug|Win32
		{6F6FAD02-0312-4CDA-A655-44433D346904}.Debug|Win32.Build.0 = Debug|Win32
		{6F6FAD02-0312-4CDA-A655-44433D346904}.Debug|x64.ActiveCfg = Debug|x64
		{6F6FAD02-0312-4CDA-A655-44433D346904}.Debug|x64.Build.0 = Debug|x64
		{6F6FAD02-0312-4CDA-A655-44433D346904}.DebugOnXP|Win32.ActiveCfg = Debug|x64
		{6F6FAD02-0312-4CDA-A655-44433D346904}.DebugOnXP|x64.ActiveCfg = Debug|x64
		{6F6FAD02-0312-4CDA-A655-44433D346904}.DebugOnXP|x64.Build.0 = Debug|x64
		{6F6FAD02-0312-4CDA-A655-44433D346904}.Release|Win32.ActiveCfg = Release|Win32
		{6F6FAD02-0312-4CDA-A655-44433D346904}.Release|Win32.Build.0 = Release|Win32
		{6F6FAD02-0312-4CDA-A655-44433D346904}.Release|x64.ActiveCfg = Release|x64
		{6F6FAD02-0312-4CDA-A655-44433D346904}.Release|x64.Build.0 = Release|x64
		{5D665182-EC1A-419B-AE99-345024A031A2}.Debug|Win32.ActiveCfg = Debug|Win32
		{5D665182-EC1A-419B-AE99-345024A031A2}.Debug|Win32.Build.0 = Debug|Win32
		{5D665182-EC1A-419B-AE99-345024A031A2}.Debug|x64.ActiveCfg = Debug|x64
		{5D665182-EC1A-419B-AE99-345024A031A2}.Debug|x64.Build.0 = Debug|x64
		{5D665182-EC1A-419B-AE99-345024A031A2}.DebugOnXP|Win32.ActiveCfg = Debug|x64
		{5D665182-EC1A-419B-AE99-345024A031A2}.DebugOnXP|x64.ActiveCfg = Debug|x64
		{5D665182-EC1A-419B-AE99-345024A031A2}.DebugOnXP|x64.Build.0 = Debug|x64
		{5D665182-EC1A-419B-AE99-345024A031A2}.Release|Win32.ActiveCfg = Release|Win32
		{5D665182-EC1A-419B-AE99-345024A031A2}.Release|Win32.Build.0 = Release|Win32
		{5D665182-EC1A-419B-AE99-345024A031A2}.Release|x64.ActiveCfg = Release|x64
		{5D665182-EC1A-419B-AE99-345024A031A2}.Release|x64.Build.0 = Release|x64
		{36A66A81-6A45-400D-834B-FBE7586EA8A7}.Debug|Win32.ActiveCfg = Debug|Win32
		{36A66A81-6A45-400D-834B-FBE7586EA8A7}.Debug|Win32.Build.0 = Debug|Win32
		{36A66A81-6A45-400D-834B-FBE7586EA8A7}.Debug|x64.ActiveCfg = Debug|x64
		{36A66A81-6A45-400D-834B-FBE7586EA8A7}.Debug|x64.Build.0 = Debug|x64
		{36A66A81-6A45-400D-834B-FBE7586EA8A7}.DebugOnXP|Win32.ActiveCfg = Debug|x64
		{36A66A81-6A45-400D-834B-FBE7586EA8A7}.DebugOnXP|x64.ActiveCfg = Debug|x64
		{36A66A81-6A45-400D-834B-FBE7586EA8A7}.DebugOnXP|x64.Build.0 = Debug|x64
		{36A66A81-6A45-400D-834B-FBE7586EA8A7}.Release|Win32.ActiveCfg = Release|Win32
		{36A66A81-6A45-400D-834B-FBE7586EA8A7}.Release|Win32.Build.0 = Release|Win32
		{36A66A81-6A45-400D-834B-FBE7586EA8A7}.Release|x64.ActiveCfg = Release|x64
		{36A66A81-6A45-400D-834B-FBE7586EA8A7}.Release|x64.Build.0 = Release|x64
		{705D5637-57BD-4FD8-8A92-45A04AFD8102}.Debug|Win32.ActiveCfg = Debug|Win32
		{705D5637-57BD-4FD8-8A92-45A04AFD8102}.Debug|Win32.Build.0 = Debug|Win32
		{705D5637-57BD-4FD8-8A92-45A04AFD8102}.Debug|x64.ActiveCfg = Debug|x64
		{705D5637-57BD-4FD8-8A92-45A04AFD8102}.Debug|x64.Build.0 = Debug|x64
		{705D5637-57BD-4FD8-8A92-45A04AFD8102}.DebugOnXP|Win32.ActiveCfg = Debug|x64
		{705D5637-57BD-4FD8-8A92-45A04AFD8102}.DebugOnXP|x64.ActiveCfg = Debug|x64
		{705D5637-57BD-4FD8-8A92-45A04AFD8102}.DebugOnXP|x64.Build.0 = Debug|x64
		{705D5637-57BD-4FD8-8A92-45A04AFD8102}.Release|Win32.ActiveCfg = Release|Win32
		{705D5637-57BD-4FD8-8A92-45A04AFD8102}.Release|Win32.Build.0 = Release|Win32
		{705D5637-57BD-4FD8-8A92-45A04AFD8102}.Release|x64.ActiveCfg = Release|x64
		{705D5637-57BD-4FD8-8A92-45A04AFD8102}.Release|x64.Build.0 = Release|x64
		{2FB93933-3FC2-4044-95E5-E4EDBBC55F54}.Debug|Win32.ActiveCfg = Debug|Win32
		{2FB93933-3FC2-4044-95E5-E4EDBBC55F54}.Debug|Win32.Build.0 = Debug|Win32
		{2FB93933-3FC2-4044-95E5-E4EDBBC55F54}.Debug|x64.ActiveCfg = Debug|x64
		{2FB93933-3FC2-4044-95E5-E4EDBBC55F54}.Debug|x64.Build.0 = Debug|x64
		{2FB93933-3FC2-4044-95E5-E4EDBBC55F54}.DebugOnXP|Win32.ActiveCfg = Debug|x64
		{2FB93933-3FC2-4044-95E5-E4EDBBC55F54}.DebugOnXP|x64.ActiveCfg = Debug|x64
		{2FB93933-3FC2-4044-95E5-E4EDBBC55F54}.DebugOnXP|x64.Build.0 = Debug|x64
		{2FB93933-3FC2-4044-95E5-E4EDBBC55F54}.Release|Win32.ActiveCfg = Release|Win32
		{2FB93933-3FC2-4044-95E5-E4EDBBC55F54}.Release|Win32.Build.0 = Release|Win32
		{2FB93933-3FC2-4044-95E5-E4EDBBC55F54}.Release|x64.ActiveCfg = Release|x64
		{2FB93933-3FC2-4044-95E5-E4EDBBC55F54}.Release|x64.Build.0 = Release|x64
		{77DDE656-D6D8-4E6A-A73C-186EC138601D}.Debug|Win32.ActiveCfg = Debug|Win32
		{77DDE656-D6D8-4E6A-A73C-186EC138601D}.Debug|Win32.Build.0 = Debug|Win32
		{77DDE656-D6D8-4E6A-A73C-186EC138601D}.Debug|x64.ActiveCfg = Debug|x64
		{77DDE656-D6D8-4E6A-A73C-186EC138601D}.Debug|x64.Build.0 = Debug|x64
		{77DDE656-D6D8-4E6A-A73C-186EC138601D}.DebugOnXP|Win32.ActiveCfg = Debug|x64
		{77DDE656-D6D8-4E6A-A73C-186EC138601D}.DebugOnXP|x64.ActiveCfg = Debug|x64
		{77DDE656-D6D8-4E6A-A73C-186EC138601D}.DebugOnXP|x64.Build.0 = Debug|x64
		{77DDE656-D6D8-4E6A-A73C-186EC138601D}.Release|Win32.ActiveCfg = Release|Win32
		{77DDE656-D6D8-4E6A-A73C-186EC138601D}.Release|Win32.Build.0 = Release|Win32
		{77DDE656-D6D8-4E6A-A73C-186EC138601D}.Release|x64.ActiveCfg = Release|x64
		{77DDE656-D6D8-4E6A-A73C-186EC138601D}.Release|x64.Build.0 = Release|x64
		{BB511E3F-81C2-4D8E-B0AF-6A74C9F2E357}.Debug|Win32.ActiveCfg = Debug|Win32
		{BB511E3F-81C2-4D8E-B0AF-6A74C9F2E357}.Debug|Win32.Build.0 = Debug|Win32
		{BB511E3F-81C2-4D8E-B0AF-6A74C9F2E357}.Debug|x64.ActiveCfg = Debug|x64
		{BB511E3F-81C2-4D8E-B0AF-6A74C9F2E357}.Debug|x64.Build.0 = Debug|x64
		{BB511E3F-81C2-4D8E-B0AF-6A74C9F2E357}.DebugOnXP|Win32.ActiveCfg = Debug|x64
		{BB511E3F-81C2-4D8E-B0AF-6A74C9F2E357}.DebugOnXP|x64.ActiveCfg = Debug|x64
		{BB511E3F-81C2-4D8E-B0AF-6A74C9F2E357}.DebugOnXP|x64.Build.0 = Debug|x64
		{BB511E3F-81C2-4D8E-B0AF-6A74C9F2E357}.Release|Win32.ActiveCfg = Release|Win32
		{BB511E3F-81C2-4D8E-B0AF-6A74C9F2E357}.Release|Win32.Build.0 = Release|Win32
		{BB511E3F-81C2-4D8E-B0AF-6A74C9F2E357}.Release|x64.ActiveCfg = Release|x64
		{BB511E3F-81C2-4D8E-B0AF-6A74C9F2E357}.Release|x64.Build.0 = Release|x64
		{CAD221A6-F002-4064-BEDE-92C0C2583DA4}.Debug|Win32.ActiveCfg = Debug|Win32
		{CAD221A6-F002-4064-BEDE-92C0C2583DA4}.Debug|Win32.Build.0 = Debug|Win32
		{CAD221A6-F002-4064-BEDE-92C0C2583DA4}.Debug|x64.ActiveCfg = Debug|x64
		{CAD221A6-F002-4064-BEDE-92C0C2583DA4}.Debug|x64.Build.0 = Debug|x64
		{CAD221A6-F002-4064-BEDE-92C0C2583DA4}.DebugOnXP|Win32.ActiveCfg = Debug|x64
		{CAD221A6-F002-4064-BEDE-92C0C2583DA4}.DebugOnXP|x64.ActiveCfg = Debug|x64
		{CAD221A6-F002-4064-BEDE-92C0C2583DA4}.DebugOnXP|x64.Build.0 = Debug|x64
		{CAD221A6-F002-4064-BEDE-92C0C2583DA4}.Release|Win32.ActiveCfg = Release|Win32
		{CAD221A6-F002-4064-BEDE-92C0C2583DA4}.Release|Win32.Build.0 = Release|Win32
		{CAD221A6-F002-4064-BEDE-92C0C2583DA4}.Release|x64.ActiveCfg = Release|x64
		{CAD221A6-F002-4064-BEDE-92C0C2583DA4}.Release|x64.Build.0 = Release|x64
		{3F37A284-8930-4BE5-9969-6783820B186E}.Debug|Win32.ActiveCfg = Debug|Win32
		{3F37A284-8930-4BE5-9969-6783820B186E}.Debug|Win32.Build.0 = Debug|Win32
		{3F37A284-8930-4BE5-9969-6783820B186E}.Debug|x64.ActiveCfg = Debug|x64
		{3F37A284-8930-4BE5-9969-6783820B186E}.Debug|x64.Build.0 = Debug|x64
		{3F37A284-8930-4BE5-9969-6783820B186E}.DebugOnXP|Win32.ActiveCfg = Debug|x64
		{3F37A284-8930-4BE5-9969-6783820B186E}.DebugOnXP|x64.ActiveCfg = Debug|x64
		{3F37A284-8930-4BE5-9969-6783820B186E}.DebugOnXP|x64.Build.0 = Debug|x64
		{3F37A284-8930-4BE5-9969-6783820B186E}.Release|Win32.ActiveCfg = Release|Win32
		{3F37A284-8930-4BE5-9969-6783820B186E}.Release|Win32.Build.0 = Release|Win32
		{3F37A284-8930-4BE5-9969-6783820B186E}.Release|x64.ActiveCfg = Release|x64
		{3F37A284-8930-4BE5-9969-6783820B186E}.Release|x64.Build.0 = Release|x64
		{A6838D1B-9B12-4786-BB94-68A0C63C1E50}.Debug|Win32.ActiveCfg = Debug|Win32
		{A6838D1B-9B12-4786-BB94-68A0C63C1E50}.Debug|Win32.Build.0 = Debug|Win32
		{A6838D1B-9B12-4786-BB94-68A0C63C1E50}.Debug|x64.ActiveCfg = Debug|x64
		{A6838D1B-9B12-4786-BB94-68A0C63C1E50}.Debug|x64.Build.0 = Debug|x64
		{A6838D1B-9B12-4786-BB94-68A0C63C1E50}.DebugOnXP|Win32.ActiveCfg = Debug|x64
		{A6838D1B-9B12-4786-BB94-68A0C63C1E50}.DebugOnXP|x64.ActiveCfg = Debug|x64
		{A6838D1B-9B12-4786-BB94-68A0C63C1E50}.DebugOnXP|x64.Build.0 = Debug|x64
		{A6838D1B-9B12-4786-BB94-68A0C63C1E50}.Release|Win32.ActiveCfg = Release|Win32
		{A6838D1B-9B12-4786-BB94-68A0C63C1E50}.Release|Win32.Build.0 = Release|Win32
		{A6838D1B-9B12-4786-BB94-68A0C63C1E50}.Release|x64.ActiveCfg = Release|x64
		{A6838D1B-9B12-4786-BB94-68A0C63C1E50}.Release|x64.Build.0 = Release|x64
		{D8AD6EC0-FEC6-4FAE-A8D4-14A0C15F6B66}.Debug|Win32.ActiveCfg = Debug|Win32
		{D8AD6EC0-FEC6-4FAE-A8D4-14A0C15F6B66}.Debug|Win32.Build.0 = Debug|Win32
		{D8AD6EC0-FEC6-4FAE-A8D4-14A0C15F6B66}.Debug|x64.ActiveCfg = Debug|x64
		{D8AD6EC0-FEC6-4FAE-A8D4-14A0C15F6B66}.Debug|x64.Build.0 = Debug|x64
		{D8AD6EC0-FEC6-4FAE-A8D4-14A0C15F6B66}.DebugOnXP|Win32.ActiveCfg = Debug|x64
		{D8AD6EC0-FEC6-4FAE-A8D4-14A0C15F6B66}.DebugOnXP|x64.ActiveCfg = Debug|x64
		{D8AD6EC0-FEC6-4FAE-A8D4-14A0C15F6B66}.DebugOnXP|x64.Build.0 = Debug|x64
		{D8AD6EC0-FEC6-4FAE-A8D4-14A0C15F6B66}.Release|Win32.ActiveCfg = Release|Win32
		{D8AD6EC0-FEC6-4FAE-A8D4-14A0C15F6B66}.Release|Win32.Build.0 = Release|Win32
		{D8AD6EC0-FEC6-4FAE-A8D4-14A0C15F6B66}.Release|x64.ActiveCfg = Release|x64
		{D8AD6EC0-FEC6-4FAE-A8D4-14A0C15F6B66}.Release|x64.Build.0 = Release|x64
		{4B384DFA-EA05-4A1A-9DCA-43984D2F664C}.Debug|Win32.ActiveCfg = Debug|Win32
		{4B384DFA-EA05-4A1A-9DCA-43984D2F664C}.Debug|Win32.Build.0 = Debug|Win32
		{4B384DFA-EA05-4A1A-9DCA-43984D2F664C}.Debug|x64.ActiveCfg = Debug|x64
		{4B384DFA-EA05-4A1A-9DCA-43984D2F664C}.Debug|x64.Build.0 = Debug|x64
		{4B384DFA-EA05-4A1A-9DCA-43984D2F664C}.DebugOnXP|Win32.ActiveCfg = Debug|x64
		{4B384DFA-EA05-4A1A-9DCA-43984D2F664C}.DebugOnXP|x64.ActiveCfg = Debug|x64
		{4B384DFA-EA05-4A1A-9DCA-43984D2F664C}.DebugOnXP|x64.Build.0 = Debug|x64
		{4B384DFA-EA05-4A1A-9DCA-43984D2F664C}.Release|Win32.ActiveCfg = Release|Win32
		{4B384DFA-EA05-4A1A-9DCA-43984D2F664C}.Release|Win32.Build.0 = Release|Win32
		{4B384DFA-EA05-4A1A-9DCA-43984D2F664C}.Release|x64.ActiveCfg = Release|x64
		{4B384DFA-EA05-4A1A-9DCA-43984D2F664C}.Release|x64.Build.0 = Release|x64
		{9A105D96-D413-4F96-939D-941BB2FE8F8D}.Debug|Win32.ActiveCfg = Debug|Win32
		{9A105D96-D413-4F96-939D-941BB2FE8F8D}.Debug|Win32.Build.0 = Debug|Win32
		{9A105D96-D413-4F96-939D-941BB2FE8F8D}.Debug|x64.ActiveCfg = Debug|x64
		{9A105D96-D413-4F96-939D-941BB2FE8F8D}.Debug|x64.Build.0 = Debug|x64
		{9A105D96-D413-4F96-939D-941BB2FE8F8D}.DebugOnXP|Win32.ActiveCfg = Debug|x64
		{9A105D96-D413-4F96-939D-941BB2FE8F8D}.DebugOnXP|x64.ActiveCfg = Debug|x64
		{9A105D96-D413-4F96-939D-941BB2FE8F8D}.DebugOnXP|x64.Build.0 = Debug|x64
		{9A105D96-D413-4F96-939D-941BB2FE8F8D}.Release|Win32.ActiveCfg = Release|Win32
		{9A105D96-D413-4F96-939D-941BB2FE8F8D}.Release|Win32.Build.0 = Release|Win32
		{9A105D96-D413-4F96-939D-941BB2FE8F8D}.Release|x64.ActiveCfg = Release|x64
		{9A105D96-D413-4F96-939D-941BB2FE8F8D}.Release|x64.Build.0 = Release|x64
		{FF723BF3-7CAC-40A0-9666-F4FF4114BC4C}.Debug|Win32.ActiveCfg = Debug|Win32
		{FF723BF3-7CAC-40A0-9666-F4FF4114BC4C}.Debug|Win32.Build.0 = Debug|Win32
		{FF723BF3-7CAC-40A0-9666-F4FF4114BC4C}.Debug|x64.ActiveCfg = Debug|x64
		{FF723BF3-7CAC-40A0-9666-F4FF4114BC4C}.Debug|x64.Build.0 = Debug|x64
		{FF723BF3-7CAC-40A0-9666-F4FF4114BC4C}.DebugOnXP|Win32.ActiveCfg = Debug|x64
		{FF723BF3-7CAC-40A0-9666-F4FF4114BC4C}.DebugOnXP|x64.ActiveCfg = Debug|x64
		{FF723BF3-7CAC-40A0-9666-F4FF4114BC4C}.DebugOnXP|x64.Build.0 = Debug|x64
		{FF723BF3-7CAC-40A0-9666-F4FF4114BC4C}.Release|Win32.ActiveCfg = Release|Win32
		{FF723BF3-7CAC-40A0-9666-F4FF4114BC4C}.Release|Win32.Build.0 = Release|Win32
		{FF723BF3-7CAC-40A0-9666-F4FF4114BC4C}.Release|x64.ActiveCfg = Release|x64
		{FF723BF3-7CAC-40A0-9666-F4FF4114BC4C}.Release|x64.Build.0 = Release|x64
		{F43AA489-FFEA-446A-8795-E447DA9BA204}.Debug|Win32.ActiveCfg = Debug|Win32
		{F43AA489-FFEA-446A-8795-E447DA9BA204}.Debug|Win32.Build.0 = Debug|Win32
		{F43AA489-FFEA-446A-8795-E447DA9BA204}.Debug|x64.ActiveCfg = Debug|x64
		{F43AA489-FFEA-446A-8795-E447DA9BA204}.Debug|x64.Build.0 = Debug|x64
		{F43AA489-FFEA-446A-8795-E447DA9BA204}.DebugOnXP|Win32.ActiveCfg = Debug|x64
		{F43AA489-FFEA-446A-8795-E447DA9BA204}.DebugOnXP|x64.ActiveCfg = Debug|x64
		{F43AA489-FFEA-446A-8795-E447DA9BA204}.DebugOnXP|x64.Build.0 = Debug|x64
		{F43AA489-FFEA-446A-8795-E447DA9BA204}.Release|Win32.ActiveCfg = Release|Win32
		{F43AA489-FFEA-446A-8795-E447DA9BA204}.Release|Win32.Build.0 = Release|Win32
		{F43AA489-FFEA-446A-8795-E447DA9BA204}.Release|x64.ActiveCfg = Release|x64
		{F43AA489-FFEA-446A-8795-E447DA9BA204}.Release|x64.Build.0 = Release|x64
		{5125C3DB-FBD6-4BF8-8D8B-CE51D6E93BCD}.Debug|Win32.ActiveCfg = Debug|Win32
		{5125C3DB-FBD6-4BF8-8D8B-CE51D6E93BCD}.Debug|Win32.Build.0 = Debug|Win32
		{5125C3DB-FBD6-4BF8-8D8B-CE51D6E93BCD}.Debug|x64.ActiveCfg = Debug|x64
		{5125C3DB-FBD6-4BF8-8D8B-CE51D6E93BCD}.Debug|x64.Build.0 = Debug|x64
		{5125C3DB-FBD6-4BF8-8D8B-CE51D6E93BCD}.DebugOnXP|Win32.ActiveCfg = Debug|x64
		{5125C3DB-FBD6-4BF8-8D8B-CE51D6E93BCD}.DebugOnXP|x64.ActiveCfg = Debug|x64
		{5125C3DB-FBD6-4BF8-8D8B-CE51D6E93BCD}.DebugOnXP|x64.Build.0 = Debug|x64
		{5125C3DB-FBD6-4BF8-8D8B-CE51D6E93BCD}.Release|Win32.ActiveCfg = Release|Win32
		{5125C3DB-FBD6-4BF8-8D8B-CE51D6E93BCD}.Release|Win32.Build.0 = Release|Win32
		{5125C3DB-FBD6-4BF8-8D8B-CE51D6E93BCD}.Release|x64.ActiveCfg = Release|x64
		{5125C3DB-FBD6-4BF8-8D8B-CE51D6E93BCD}.Release|x64.Build.0 = Release|x64
		{298B4876-6EF1-4E80-85D7-72F80693BBEB}.Debug|Win32.ActiveCfg = Debug|Win32
		{298B4876-6EF1-4E80-85D7-72F80693BBEB}.Debug|Win32.Build.0 = Debug|Win32
		{298B4876-6EF1-4E80-85D7-72F80693BBEB}.Debug|x64.ActiveCfg = Debug|x64
		{298B4876-6EF1-4E80-85D7-72F80693BBEB}.Debug|x64.Build.0 = Debug|x64
		{298B4876-6EF1-4E80-85D7-72F80693BBEB}.DebugOnXP|Win32.ActiveCfg = Debug|x64
		{298B4876-6EF1-4E80-85D7-72F80693BBEB}.DebugOnXP|x64.ActiveCfg = Debug|x64
		{298B4876-6EF1-4E80-85D7-72F80693BBEB}.DebugOnXP|x64.Build.0 = Debug|x64
		{298B4876-6EF1-4E80-85D7-72F80693BBEB}.Release|Win32.ActiveCfg = Release|Win32
		{298B4876-6EF1-4E80-85D7-72F80693BBEB}.Release|Win32.Build.0 = Release|Win32
		{298B4876-6EF1-4E80-85D7-72F80693BBEB}.Release|x64.ActiveCfg = Release|x64
		{298B4876-6EF1-4E80-85D7-72F80693BBEB}.Release|x64.Build.0 = Release|x64
		{CB26AFF6-7ED9-4046-ABB8-4CB9BE32EEB3}.Debug|Win32.ActiveCfg = Debug|Win32
		{CB26AFF6-7ED9-4046-ABB8-4CB9BE32EEB3}.Debug|Win32.Build.0 = Debug|Win32
		{CB26AFF6-7ED9-4046-ABB8-4CB9BE32EEB3}.Debug|x64.ActiveCfg = Debug|x64
		{CB26AFF6-7ED9-4046-ABB8-4CB9BE32EEB3}.Debug|x64.Build.0 = Debug|x64
		{CB26AFF6-7ED9-4046-ABB8-4CB9BE32EEB3}.DebugOnXP|Win32.ActiveCfg = Debug|x64
		{CB26AFF6-7ED9-4046-ABB8-4CB9BE32EEB3}.DebugOnXP|x64.ActiveCfg = Debug|x64
		{CB26AFF6-7ED9-4046-ABB8-4CB9BE32EEB3}.DebugOnXP|x64.Build.0 = Debug|x64
		{CB26AFF6-7ED9-4046-ABB8-4CB9BE32EEB3}.Release|Win32.ActiveCfg = Release|Win32
		{CB26AFF6-7ED9-4046-ABB8-4CB9BE32EEB3}.Release|Win32.Build.0 = Release|Win32
		{CB26AFF6-7ED9-4046-ABB8-4CB9BE32EEB3}.Release|x64.ActiveCfg = Release|x64
		{CB26AFF6-7ED9-4046-ABB8-4CB9BE32EEB3}.Release|x64.Build.0 = Release|x64
		{4CEC5897-D957-47E7-A6AE-2021D4F44A8F}.Debug|Win32.ActiveCfg = Debug|Win32
		{4CEC5897-D957-47E7-A6AE-2021D4F44A8F}.Debug|Win32.Build.0 = Debug|Win32
		{4CEC5897-D957-47E7-A6AE-2021D4F44A8F}.Debug|x64.ActiveCfg = Debug|x64
		{4CEC5897-D957-47E7-A6AE-2021D4F44A8F}.Debug|x64.Build.0 = Debug|x64
		{4CEC5897-D957-47E7-A6AE-2021D4F44A8F}.DebugOnXP|Win32.ActiveCfg = Debug|x64
		{4CEC5897-D957-47E7-A6AE-2021D4F44A8F}.DebugOnXP|x64.ActiveCfg = Debug|x64
		{4CEC5897-D957-47E7-A6AE-2021D4F44A8F}.DebugOnXP|x64.Build.0 = Debug|x64
		{4CEC5897-D957-47E7-A6AE-2021D4F44A8F}.Release|Win32.ActiveCfg = Release|Win32
		{4CEC5897-D957-47E7-A6AE-2021D4F44A8F}.Release|Win32.Build.0 = Release|Win32
		{4CEC5897-D957-47E7-A6AE-2021D4F44A8F}.Release|x64.ActiveCfg = Release|x64
		{4CEC5897-D957-47E7-A6AE-2021D4F44A8F}.Release|x64.Build.0 = Release|x64
		{C94192E6-AE29-40A2-AA46-57DCF50DBBBD}.Debug|Win32.ActiveCfg = Debug|Win32
		{C94192E6-AE29-40A2-AA46-57DCF50DBBBD}.Debug|Win32.Build.0 = Debug|Win32
		{C94192E6-AE29-40A2-AA46-57DCF50DBBBD}.Debug|x64.ActiveCfg = Debug|x64
		{C94192E6-AE29-40A2-AA46-57DCF50DBBBD}.Debug|x64.Build.0 = Debug|x64
		{C94192E6-AE29-40A2-AA46-57DCF50DBBBD}.DebugOnXP|Win32.ActiveCfg = Debug|x64
		{C94192E6-AE29-40A2-AA46-57DCF50DBBBD}.DebugOnXP|x64.ActiveCfg = Debug|x64
		{C94192E6-AE29-40A2-AA46-57DCF50DBBBD}.DebugOnXP|x64.Build.0 = Debug|x64
		{C94192E6-AE29-40A2-AA46-57DCF50DBBBD}.Release|Win32.ActiveCfg = Release|Win32
		{C94192E6-AE29-40A2-AA46-57DCF50DBBBD}.Release|Win32.Build.0 = Release|Win32
		{C94192E6-AE29-40A2-AA46-57DCF50DBBBD}.Release|x64.ActiveCfg = Release|x64
		{C94192E6-AE29-40A2-AA46-57DCF50DBBBD}.Release|x64.Build.0 = Release|x64
		{FA0BD0E3-0A8A-42CB-96F1-DE6F73A9DFEC}.Debug|Win32.ActiveCfg = Debug|Win32
		{FA0BD0E3-0A8A-42CB-96F1-DE6F73A9DFEC}.Debug|Win32.Build.0 = Debug|Win32
		{FA0BD0E3-0A8A-42CB-96F1-DE6F73A9DFEC}.Debug|x64.ActiveCfg = Debug|x64
		{FA0BD0E3-0A8A-42CB-96F1-DE6F73A9DFEC}.Debug|x64.Build.0 = Debug|x64
		{FA0BD0E3-0A8A-42CB-96F1-DE6F73A9DFEC}.DebugOnXP|Win32.ActiveCfg = Debug|x64
		{FA0BD0E3-0A8A-42CB-96F1-DE6F73A9DFEC}.DebugOnXP|x64.ActiveCfg = Debug|x64
		{FA0BD0E3-0A8A-42CB-96F1-DE6F73A9DFEC}.DebugOnXP|x64.Build.0 = Debug|x64
		{FA0BD0E3-0A8A-42CB-96F1-DE6F73A9DFEC}.Release|Win32.ActiveCfg = Release|Win32
		{FA0BD0E3-0A8A-42CB-96F1-DE6F73A9DFEC}.Release|Win32.Build.0 = Release|Win32
		{FA0BD0E3-0A8A-42CB-96F1-DE6F73A9DFEC}.Release|x64.ActiveCfg = Release|x64
		{FA0BD0E3-0A8A-42CB-96F1-DE6F73A9DFEC}.Release|x64.Build.0 = Release|x64
		{AECB78DF-C319-4D49-B2FD-F98F62EBBDF4}.Debug|Win32.ActiveCfg = Debug|Win32
		{AECB78DF-C319-4D49-B2FD-F98F62EBBDF4}.Debug|Win32.Build.0 = Debug|Win32
		{AECB78DF-C319-4D49-B2FD-F98F62EBBDF4}.Debug|x64.ActiveCfg = Debug|x64
		{AECB78DF-C319-4D49-B2FD-F98F62EBBDF4}.Debug|x64.Build.0 = Debug|x64
		{AECB78DF-C319-4D49-B2FD-F98F62EBBDF4}.DebugOnXP|Win32.ActiveCfg = Debug|x64
		{AECB78DF-C319-4D49-B2FD-F98F62EBBDF4}.DebugOnXP|x64.ActiveCfg = Debug|x64
		{AECB78DF-C319-4D49-B2FD-F98F62EBBDF4}.DebugOnXP|x64.Build.0 = Debug|x64
		{AECB78DF-C319-4D49-B2FD-F98F62EBBDF4}.Release|Win32.ActiveCfg = Release|Win32
		{AECB78DF-C319-4D49-B2FD-F98F62EBBDF4}.Release|Win32.Build.0 = Release|Win32
		{AECB78DF-C319-4D49-B2FD-F98F62EBBDF4}.Release|x64.ActiveCfg = Release|x64
		{AECB78DF-C319-4D49-B2FD-F98F62EBBDF4}.Release|x64.Build.0 = Release|x64
		{A0A072EF-D8F1-4314-B663-FE579B1D5D0D}.Debug|Win32.ActiveCfg = Debug|Win32
		{A0A072EF-D8F1-4314-B663-FE579B1D5D0D}.Debug|Win32.Build.0 = Debug|Win32
		{A0A072EF-D8F1-4314-B663-FE579B1D5D0D}.Debug|x64.ActiveCfg = Debug|x64
		{A0A072EF-D8F1-4314-B663-FE579B1D5D0D}.Debug|x64.Build.0 = Debug|x64
		{A0A072EF-D8F1-4314-B663-FE579B1D5D0D}.DebugOnXP|Win32.ActiveCfg = Debug|x64
		{A0A072EF-D8F1-4314-B663-FE579B1D5D0D}.DebugOnXP|x64.ActiveCfg = Debug|x64
		{A0A072EF-D8F1-4314-B663-FE579B1D5D0D}.DebugOnXP|x64.Build.0 = Debug|x64
		{A0A072EF-D8F1-4314-B663-FE579B1D5D0D}.Release|Win32.ActiveCfg = Release|Win32
		{A0A072EF-D8F1-4314-B663-FE579B1D5D0D}.Release|Win32.Build.0 = Release|Win32
		{A0A072EF-D8F1-4314-B663-FE579B1D5D0D}.Release|x64.ActiveCfg = Release|x64
		{A0A072EF-D8F1-4314-B663-FE579B1D5D0D}.Release|x64.Build.0 = Release|x64
		{030F6909-B2FA-4E53-BEA7-9A559CFC2F73}.Debug|Win32.ActiveCfg = Debug|Win32
		{030F6909-B2FA-4E53-BEA7-9A559CFC2F73}.Debug|Win32.Build.0 = Debug|Win32
		{030F6909-B2FA-4E53-BEA7-9A559CFC2F73}.Debug|x64.ActiveCfg = Debug|x64
		{030F6909-B2FA-4E53-BEA7-9A559CFC2F73}.Debug|x64.Build.0 = Debug|x64
		{030F6909-B2FA-4E53-BEA7-9A559CFC2F73}.DebugOnXP|Win32.ActiveCfg = Debug|x64
		{030F6909-B2FA-4E53-BEA7-9A559CFC2F73}.DebugOnXP|x64.ActiveCfg = Debug|x64
		{030F6909-B2FA-4E53-BEA7-9A559CFC2F73}.DebugOnXP|x64.Build.0 = Debug|x64
		{030F6909-B2FA-4E53-BEA7-9A559CFC2F73}.Release|Win32.ActiveCfg = Release|Win32
		{030F6909-B2FA-4E53-BEA7-9A559CFC2F73}.Release|Win32.Build.0 = Release|Win32
		{030F6909-B2FA-4E53-BEA7-9A559CFC2F73}.Release|x64.ActiveCfg = Release|x64
		{030F6909-B2FA-4E53-BEA7-9A559CFC2F73}.Release|x64.Build.0 = Release|x64
		{EBBB89E7-F4CE-42C1-B964-A18A98ED0D62}.Debug|Win32.ActiveCfg = Debug|Win32
		{EBBB89E7-F4CE-42C1-B964-A18A98ED0D62}.Debug|Win32.Build.0 = Debug|Win32
		{EBBB89E7-F4CE-42C1-B964-A18A98ED0D62}.Debug|x64.ActiveCfg = Debug|x64
		{EBBB89E7-F4CE-42C1-B964-A18A98ED0D62}.Debug|x64.Build.0 = Debug|x64
		{EBBB89E7-F4CE-42C1-B964-A18A98ED0D62}.DebugOnXP|Win32.ActiveCfg = Debug|x64
		{EBBB89E7-F4CE-42C1-B964-A18A98ED0D62}.DebugOnXP|x64.ActiveCfg = Debug|x64
		{EBBB89E7-F4CE-42C1-B964-A18A98ED0D62}.DebugOnXP|x64.Build.0 = Debug|x64
		{EBBB89E7-F4CE-42C1-B964-A18A98ED0D62}.Release|Win32.ActiveCfg = Release|Win32
		{EBBB89E7-F4CE-42C1-B964-A18A98ED0D62}.Release|Win32.Build.0 = Release|Win32
		{EBBB89E7-F4CE-42C1-B964-A18A98ED0D62}.Release|x64.ActiveCfg = Release|x64
		{EBBB89E7-F4CE-42C1-B964-A18A98ED0D62}.Release|x64.Build.0 = Release|x64
		{4A62D6F0-1997-46F4-BED4-2A680EB0AC6B}.Debug|Win32.ActiveCfg = Debug|Win32
		{4A62D6F0-1997-46F4-BED4-2A680EB0AC6B}.Debug|Win32.Build.0 = Debug|Win32
		{4A62D6F0-1997-46F4-BED4-2A680EB0AC6B}.Debug|x64.ActiveCfg = Debug|x64
		{4A62D6F0-1997-46F4-BED4-2A680EB0AC6B}.Debug|x64.Build.0 = Debug|x64
		{4A62D6F0-1997-46F4-BED4-2A680EB0AC6B}.DebugOnXP|Win32.ActiveCfg = Debug|x64
		{4A62D6F0-1997-46F4-BED4-2A680EB0AC6B}.DebugOnXP|x64.ActiveCfg = Debug|x64
		{4A62D6F0-1997-46F4-BED4-2A680EB0AC6B}.DebugOnXP|x64.Build.0 = Debug|x64
		{4A62D6F0-1997-46F4-BED4-2A680EB0AC6B}.Release|Win32.ActiveCfg = Release|Win32
		{4A62D6F0-1997-46F4-BED4-2A680EB0AC6B}.Release|Win32.Build.0 = Release|Win32
		{4A62D6F0-1997-46F4-BED4-2A680EB0AC6B}.Release|x64.ActiveCfg = Release|x64
		{4A62D6F0-1997-46F4-BED4-2A680EB0AC6B}.Release|x64.Build.0 = Release|x64
		{015C837E-7B32-4639-BE07-EAF5C5BE9891}.Debug|Win32.ActiveCfg = Debug|Win32
		{015C837E-7B32-4639-BE07-EAF5C5BE9891}.Debug|Win32.Build.0 = Debug|Win32
		{015C837E-7B32-4639-BE07-EAF5C5BE9891}.Debug|x64.ActiveCfg = Debug|x64
		{015C837E-7B32-4639-BE07-EAF5C5BE9891}.Debug|x64.Build.0 = Debug|x64
		{015C837E-7B32-4639-BE07-EAF5C5BE9891}.DebugOnXP|Win32.ActiveCfg = Debug|x64
		{015C837E-7B32-4639-BE07-EAF5C5BE9891}.DebugOnXP|x64.ActiveCfg = Debug|x64
		{015C837E-7B32-4639-BE07-EAF5C5BE9891}.DebugOnXP|x64.Build.0 = Debug|x64
		{015C837E-7B32-4639-BE07-EAF5C5BE9891}.Release|Win32.ActiveCfg = Release|Win32
		{015C837E-7B32-4639-BE07-EAF5C5BE9891}.Release|Win32.Build.0 = Release|Win32
		{015C837E-7B32-4639-BE07-EAF5C5BE9891}.Release|x64.ActiveCfg = Release|x64
		{015C837E-7B32-4639-BE07-EAF5C5BE9891}.Release|x64.Build.0 = Release|x64
		{22314EE0-38C3-48E4-93A5-7DF94F6C2D31}.Debug|Win32.ActiveCfg = Debug|Win32
		{22314EE0-38C3-48E4-93A5-7DF94F6C2D31}.Debug|x64.ActiveCfg = Debug|Win32
		{22314EE0-38C3-48E4-93A5-7DF94F6C2D31}.DebugOnXP|Win32.ActiveCfg = DebugOnXP|Win32
		{22314EE0-38C3-48E4-93A5-7DF94F6C2D31}.DebugOnXP|Win32.Build.0 = DebugOnXP|Win32
		{22314EE0-38C3-48E4-93A5-7DF94F6C2D31}.DebugOnXP|x64.ActiveCfg = DebugOnXP|x64
		{22314EE0-38C3-48E4-93A5-7DF94F6C2D31}.DebugOnXP|x64.Build.0 = DebugOnXP|x64
		{22314EE0-38C3-48E4-93A5-7DF94F6C2D31}.Release|Win32.ActiveCfg = Release|Win32
		{22314EE0-38C3-48E4-93A5-7DF94F6C2D31}.Release|x64.ActiveCfg = Release|x64
		{EDE39C00-2092-47CE-B464-ED9B103D25DF}.Debug|Win32.ActiveCfg = Debug|Win32
		{EDE39C00-2092-47CE-B464-ED9B103D25DF}.Debug|Win32.Build.0 = Debug|Win32
		{EDE39C00-2092-47CE-B464-ED9B103D25DF}.Debug|x64.ActiveCfg = Debug|x64
		{EDE39C00-2092-47CE-B464-ED9B103D25DF}.Debug|x64.Build.0 = Debug|x64
		{EDE39C00-2092-47CE-B464-ED9B103D25DF}.DebugOnXP|Win32.ActiveCfg = Debug|Win32
		{EDE39C00-2092-47CE-B464-ED9B103D25DF}.DebugOnXP|Win32.Build.0 = Debug|Win32
		{EDE39C00-2092-47CE-B464-ED9B103D25DF}.DebugOnXP|x64.ActiveCfg = Debug|Win32
		{EDE39C00-2092-47CE-B464-ED9B103D25DF}.Release|Win32.ActiveCfg = Release|Win32
		{EDE39C00-2092-47CE-B464-ED9B103D25DF}.Release|Win32.Build.0 = Release|Win32
		{EDE39C00-2092-47CE-B464-ED9B103D25DF}.Release|x64.ActiveCfg = Release|x64
		{EDE39C00-2092-47CE-B464-ED9B103D25DF}.Release|x64.Build.0 = Release|x64
		{1740CF80-22F1-41B3-B5C0-34CAF94364DA}.Debug|Win32.ActiveCfg = Debug|Win32
		{1740CF80-22F1-41B3-B5C0-34CAF94364DA}.Debug|Win32.Build.0 = Debug|Win32
		{1740CF80-22F1-41B3-B5C0-34CAF94364DA}.Debug|x64.ActiveCfg = Debug|x64
		{1740CF80-22F1-41B3-B5C0-34CAF94364DA}.Debug|x64.Build.0 = Debug|x64
		{1740CF80-22F1-41B3-B5C0-34CAF94364DA}.DebugOnXP|Win32.ActiveCfg = Debug|Win32
		{1740CF80-22F1-41B3-B5C0-34CAF94364DA}.DebugOnXP|Win32.Build.0 = Debug|Win32
		{1740CF80-22F1-41B3-B5C0-34CAF94364DA}.DebugOnXP|x64.ActiveCfg = Debug|Win32
		{1740CF80-22F1-41B3-B5C0-34CAF94364DA}.Release|Win32.ActiveCfg = Release|Win32
		{1740CF80-22F1-41B3-B5C0-34CAF94364DA}.Release|Win32.Build.0 = Release|Win32
		{1740CF80-22F1-41B3-B5C0-34CAF94364DA}.Release|x64.ActiveCfg = Release|x64
		{1740CF80-22F1-41B3-B5C0-34CAF94364DA}.Release|x64.Build.0 = Release|x64
		{0CFC7822-9077-4D6B-AE31-B3807746439F}.Debug|Win32.ActiveCfg = Debug|Win32
		{0CFC7822-9077-4D6B-AE31-B3807746439F}.Debug|Win32.Build.0 = Debug|Win32
		{0CFC7822-9077-4D6B-AE31-B3807746439F}.Debug|x64.ActiveCfg = Debug|Win32
		{0CFC7822-9077-4D6B-AE31-B3807746439F}.DebugOnXP|Win32.ActiveCfg = Debug|Win32
		{0CFC7822-9077-4D6B-AE31-B3807746439F}.DebugOnXP|Win32.Build.0 = Debug|Win32
		{0CFC7822-9077-4D6B-AE31-B3807746439F}.DebugOnXP|x64.ActiveCfg = Debug|Win32
		{0CFC7822-9077-4D6B-AE31-B3807746439F}.Release|Win32.ActiveCfg = Release|Win32
		{0CFC7822-9077-4D6B-AE31-B3807746439F}.Release|Win32.Build.0 = Release|Win32
		{0CFC7822-9077-4D6B-AE31-B3807746439F}.Release|x64.ActiveCfg = Release|Win32
		{B919EE91-32C1-4E03-AE7D-A9DD73426667}.Debug|Win32.ActiveCfg = Debug|Win32
		{B919EE91-32C1-4E03-AE7D-A9DD73426667}.Debug|Win32.Build.0 = Debug|Win32
		{B919EE91-32C1-4E03-AE7D-A9DD73426667}.Debug|x64.ActiveCfg = Debug|x64
		{B919EE91-32C1-4E03-AE7D-A9DD73426667}.Debug|x64.Build.0 = Debug|x64
		{B919EE91-32C1-4E03-AE7D-A9DD73426667}.DebugOnXP|Win32.ActiveCfg = DebugOnXP|Win32
		{B919EE91-32C1-4E03-AE7D-A9DD73426667}.DebugOnXP|Win32.Build.0 = DebugOnXP|Win32
		{B919EE91-32C1-4E03-AE7D-A9DD73426667}.DebugOnXP|x64.ActiveCfg = DebugOnXP|x64
		{B919EE91-32C1-4E03-AE7D-A9DD73426667}.DebugOnXP|x64.Build.0 = DebugOnXP|x64
		{B919EE91-32C1-4E03-AE7D-A9DD73426667}.Release|Win32.ActiveCfg = Release|Win32
		{B919EE91-32C1-4E03-AE7D-A9DD73426667}.Release|Win32.Build.0 = Release|Win32
		{B919EE91-32C1-4E03-AE7D-A9DD73426667}.Release|x64.ActiveCfg = Release|x64
		{B919EE91-32C1-4E03-AE7D-A9DD73426667}.Release|x64.Build.0 = Release|x64
		{42B96839-8F9C-41EF-A47B-B58F9E4695C0}.Debug|Win32.ActiveCfg = Debug|Win32
		{42B96839-8F9C-41EF-A47B-B58F9E4695C0}.Debug|Win32.Build.0 = Debug|Win32
		{42B96839-8F9C-41EF-A47B-B58F9E4695C0}.Debug|x64.ActiveCfg = Debug|x64
		{42B96839-8F9C-41EF-A47B-B58F9E4695C0}.Debug|x64.Build.0 = Debug|x64
		{42B96839-8F9C-41EF-A47B-B58F9E4695C0}.DebugOnXP|Win32.ActiveCfg = Debug|x64
		{42B96839-8F9C-41EF-A47B-B58F9E4695C0}.DebugOnXP|x64.ActiveCfg = Debug|x64
		{42B96839-8F9C-41EF-A47B-B58F9E4695C0}.DebugOnXP|x64.Build.0 = Debug|x64
		{42B96839-8F9C-41EF-A47B-B58F9E4695C0}.Release|Win32.ActiveCfg = Release|Win32
		{42B96839-8F9C-41EF-A47B-B58F9E4695C0}.Release|Win32.Build.0 = Release|Win32
		{42B96839-8F9C-41EF-A47B-B58F9E4695C0}.Release|x64.ActiveCfg = Release|x64
		{42B96839-8F9C-41EF-A47B-B58F9E4695C0}.Release|x64.Build.0 = Release|x64
		{B02D794C-0FD7-4073-BC2F-629DC7BA19A0}.Debug|Win32.ActiveCfg = Debug|Win32
		{B02D794C-0FD7-4073-BC2F-629DC7BA19A0}.Debug|Win32.Build.0 = Debug|Win32
		{B02D794C-0FD7-4073-BC2F-629DC7BA19A0}.Debug|x64.ActiveCfg = Debug|x64
		{B02D794C-0FD7-4073-BC2F-629DC7BA19A0}.Debug|x64.Build.0 = Debug|x64
		{B02D794C-0FD7-4073-BC2F-629DC7BA19A0}.DebugOnXP|Win32.ActiveCfg = DebugOnXP|Win32
		{B02D794C-0FD7-4073-BC2F-629DC7BA19A0}.DebugOnXP|Win32.Build.0 = DebugOnXP|Win32
		{B02D794C-0FD7-4073-BC2F-629DC7BA19A0}.DebugOnXP|x64.ActiveCfg = DebugOnXP|x64
		{B02D794C-0FD7-4073-BC2F-629DC7BA19A0}.DebugOnXP|x64.Build.0 = DebugOnXP|x64
		{B02D794C-0FD7-4073-BC2F-629DC7BA19A0}.Release|Win32.ActiveCfg = Release|Win32
		{B02D794C-0FD7-4073-BC2F-629DC7BA19A0}.Release|Win32.Build.0 = Release|Win32
		{B02D794C-0FD7-4073-BC2F-629DC7BA19A0}.Release|x64.ActiveCfg = Release|x64
		{B02D794C-0FD7-4073-BC2F-629DC7BA19A0}.Release|x64.Build.0 = Release|x64
		{4F475FB4-8929-4073-A1D8-3CE62C4DA549}.Debug|Win32.ActiveCfg = Debug|Win32
		{4F475FB4-8929-4073-A1D8-3CE62C4DA549}.Debug|x64.ActiveCfg = Debug|x64
		{4F475FB4-8929-4073-A1D8-3CE62C4DA549}.DebugOnXP|Win32.ActiveCfg = Debug|x64
		{4F475FB4-8929-4073-A1D8-3CE62C4DA549}.DebugOnXP|x64.ActiveCfg = Debug|x64
		{4F475FB4-8929-4073-A1D8-3CE62C4DA549}.Release|Win32.ActiveCfg = Release|Win32
		{4F475FB4-8929-4073-A1D8-3CE62C4DA549}.Release|x64.ActiveCfg = Release|x64
		{7E7DA455-C276-4B93-8D02-8F7E2F629BAF}.Debug|Win32.ActiveCfg = Debug|Win32
		{7E7DA455-C276-4B93-8D02-8F7E2F629BAF}.Debug|x64.ActiveCfg = Debug|x64
		{7E7DA455-C276-4B93-8D02-8F7E2F629BAF}.DebugOnXP|Win32.ActiveCfg = Debug|x64
		{7E7DA455-C276-4B93-8D02-8F7E2F629BAF}.DebugOnXP|x64.ActiveCfg = Debug|x64
		{7E7DA455-C276-4B93-8D02-8F7E2F629BAF}.Release|Win32.ActiveCfg = Release|Win32
		{7E7DA455-C276-4B93-8D02-8F7E2F629BAF}.Release|x64.ActiveCfg = Release|x64
		{05DF3074-11AF-491A-B078-83BD2EDC31F6}.Debug|Win32.ActiveCfg = Debug|Win32
		{05DF3074-11AF-491A-B078-83BD2EDC31F6}.Debug|x64.ActiveCfg = Debug|x64
		{05DF3074-11AF-491A-B078-83BD2EDC31F6}.DebugOnXP|Win32.ActiveCfg = Debug|x64
		{05DF3074-11AF-491A-B078-83BD2EDC31F6}.DebugOnXP|x64.ActiveCfg = Debug|x64
		{05DF3074-11AF-491A-B078-83BD2EDC31F6}.Release|Win32.ActiveCfg = Release|Win32
		{05DF3074-11AF-491A-B078-83BD2EDC31F6}.Release|x64.ActiveCfg = Release|x64
		{4727E8B7-AA99-41C9-AB09-A8A862595DB7}.Debug|Win32.ActiveCfg = Debug|Win32
		{4727E8B7-AA99-41C9-AB09-A8A862595DB7}.Debug|x64.ActiveCfg = Debug|x64
		{4727E8B7-AA99-41C9-AB09-A8A862595DB7}.DebugOnXP|Win32.ActiveCfg = Debug|x64
		{4727E8B7-AA99-41C9-AB09-A8A862595DB7}.DebugOnXP|x64.ActiveCfg = Debug|x64
		{4727E8B7-AA99-41C9-AB09-A8A862595DB7}.Release|Win32.ActiveCfg = Release|Win32
		{4727E8B7-AA99-41C9-AB09-A8A862595DB7}.Release|x64.ActiveCfg = Release|Win32
	EndGlobalSection
	GlobalSection(SolutionProperties) = preSolution
		HideSolutionNode = FALSE
	EndGlobalSection
	GlobalSection(NestedProjects) = preSolution
		{6F6FAD02-0312-4CDA-A655-44433D346904} = {30B3FA93-AAC3-44C7-A367-FE78D67E1BE5}
		{BB511E3F-81C2-4D8E-B0AF-6A74C9F2E357} = {30B3FA93-AAC3-44C7-A367-FE78D67E1BE5}
		{5D665182-EC1A-419B-AE99-345024A031A2} = {596E8D6D-681D-4BA0-860A-D164DE398703}
		{059F5220-0CA4-43D2-A764-1015DD7468DC} = {7225DCD4-AB38-43A1-B9A8-639F74248A0D}
		{63CB2D50-B3B6-495B-9D20-D2D42B12BB0E} = {7225DCD4-AB38-43A1-B9A8-639F74248A0D}
		{CAD221A6-F002-4064-BEDE-92C0C2583DA4} = {7225DCD4-AB38-43A1-B9A8-639F74248A0D}
		{36A66A81-6A45-400D-834B-FBE7586EA8A7} = {6F5E8115-78C7-40B7-8EC9-F507D35C4A02}
		{705D5637-57BD-4FD8-8A92-45A04AFD8102} = {6F5E8115-78C7-40B7-8EC9-F507D35C4A02}
		{77DDE656-D6D8-4E6A-A73C-186EC138601D} = {6F5E8115-78C7-40B7-8EC9-F507D35C4A02}
		{A6838D1B-9B12-4786-BB94-68A0C63C1E50} = {6F5E8115-78C7-40B7-8EC9-F507D35C4A02}
		{9A105D96-D413-4F96-939D-941BB2FE8F8D} = {6F5E8115-78C7-40B7-8EC9-F507D35C4A02}
		{FF723BF3-7CAC-40A0-9666-F4FF4114BC4C} = {6F5E8115-78C7-40B7-8EC9-F507D35C4A02}
		{677C994C-9723-47C1-9961-1BA562C8E9DB} = {38A55A60-88FC-484A-8CDC-24917A53F687}
		{9B07D66C-4135-42CE-8EAC-92BA47B53803} = {8B21815E-4FEE-4767-8E48-06E56145ADFF}
		{4DB6F1C0-05E1-4C40-AED7-9BC3BD948745} = {8B21815E-4FEE-4767-8E48-06E56145ADFF}
		{80896BD2-F8DC-430F-84BD-806F7F516248} = {8B21815E-4FEE-4767-8E48-06E56145ADFF}
		{55504A91-716B-47F7-9959-82337A38E1A1} = {8B21815E-4FEE-4767-8E48-06E56145ADFF}
		{C989D59D-19C6-4693-B02D-2103889D7615} = {8B21815E-4FEE-4767-8E48-06E56145ADFF}
		{2947F32E-3C3E-491E-8505-1BE012B45C96} = {8B21815E-4FEE-4767-8E48-06E56145ADFF}
		{2FB93933-3FC2-4044-95E5-E4EDBBC55F54} = {BEEA76E6-D26F-48D7-BA8C-B442E8EE4C76}
		{F43AA489-FFEA-446A-8795-E447DA9BA204} = {9B07D66C-4135-42CE-8EAC-92BA47B53803}
		{5125C3DB-FBD6-4BF8-8D8B-CE51D6E93BCD} = {9B07D66C-4135-42CE-8EAC-92BA47B53803}
		{298B4876-6EF1-4E80-85D7-72F80693BBEB} = {9B07D66C-4135-42CE-8EAC-92BA47B53803}
		{CB26AFF6-7ED9-4046-ABB8-4CB9BE32EEB3} = {9B07D66C-4135-42CE-8EAC-92BA47B53803}
		{4CEC5897-D957-47E7-A6AE-2021D4F44A8F} = {9B07D66C-4135-42CE-8EAC-92BA47B53803}
		{C94192E6-AE29-40A2-AA46-57DCF50DBBBD} = {9B07D66C-4135-42CE-8EAC-92BA47B53803}
		{FA0BD0E3-0A8A-42CB-96F1-DE6F73A9DFEC} = {9B07D66C-4135-42CE-8EAC-92BA47B53803}
		{AECB78DF-C319-4D49-B2FD-F98F62EBBDF4} = {9B07D66C-4135-42CE-8EAC-92BA47B53803}
		{A0A072EF-D8F1-4314-B663-FE579B1D5D0D} = {9B07D66C-4135-42CE-8EAC-92BA47B53803}
		{030F6909-B2FA-4E53-BEA7-9A559CFC2F73} = {9B07D66C-4135-42CE-8EAC-92BA47B53803}
		{EBBB89E7-F4CE-42C1-B964-A18A98ED0D62} = {9B07D66C-4135-42CE-8EAC-92BA47B53803}
		{4A62D6F0-1997-46F4-BED4-2A680EB0AC6B} = {9B07D66C-4135-42CE-8EAC-92BA47B53803}
		{015C837E-7B32-4639-BE07-EAF5C5BE9891} = {9B07D66C-4135-42CE-8EAC-92BA47B53803}
		{22314EE0-38C3-48E4-93A5-7DF94F6C2D31} = {9B07D66C-4135-42CE-8EAC-92BA47B53803}
		{3F37A284-8930-4BE5-9969-6783820B186E} = {4DB6F1C0-05E1-4C40-AED7-9BC3BD948745}
		{D8AD6EC0-FEC6-4FAE-A8D4-14A0C15F6B66} = {80896BD2-F8DC-430F-84BD-806F7F516248}
		{4B384DFA-EA05-4A1A-9DCA-43984D2F664C} = {55504A91-716B-47F7-9959-82337A38E1A1}
		{EDE39C00-2092-47CE-B464-ED9B103D25DF} = {8B60E32C-6B1D-42AE-A8C8-2C6915624F0A}
		{1740CF80-22F1-41B3-B5C0-34CAF94364DA} = {8B60E32C-6B1D-42AE-A8C8-2C6915624F0A}
		{0CFC7822-9077-4D6B-AE31-B3807746439F} = {8B60E32C-6B1D-42AE-A8C8-2C6915624F0A}
		{B919EE91-32C1-4E03-AE7D-A9DD73426667} = {C989D59D-19C6-4693-B02D-2103889D7615}
		{B02D794C-0FD7-4073-BC2F-629DC7BA19A0} = {C989D59D-19C6-4693-B02D-2103889D7615}
		{42B96839-8F9C-41EF-A47B-B58F9E4695C0} = {2947F32E-3C3E-491E-8505-1BE012B45C96}
	EndGlobalSection
EndGlobal
