// !$*UTF8*$!
{
	archiveVersion = 1;
	classes = {
	};
	objectVersion = 45;
	objects = {

/* Begin PBXBuildFile section */
		4F2486E9113E49A00005128A /* ModuleManager.cpp in Sources */ = {isa = PBXBuildFile; fileRef = 4F2486E6113E49A00005128A /* ModuleManager.cpp */; };
		4F2486EA113E49A00005128A /* ModuleManager.h in Headers */ = {isa = PBXBuildFile; fileRef = 4F2486E7113E49A00005128A /* ModuleManager.h */; };
		4F2486EB113E49A00005128A /* resolveSpecialCase.cpp in Sources */ = {isa = PBXBuildFile; fileRef = 4F2486E8113E49A00005128A /* resolveSpecialCase.cpp */; };
		4F2486ED113E49CB0005128A /* scalarizeSpecialCase.cpp in Sources */ = {isa = PBXBuildFile; fileRef = 4F2486EC113E49CB0005128A /* scalarizeSpecialCase.cpp */; };
		4F2486EF113E49D50005128A /* vectorizeSpecialCase.cpp in Sources */ = {isa = PBXBuildFile; fileRef = 4F2486EE113E49D50005128A /* vectorizeSpecialCase.cpp */; };
		4F248731113E52EF0005128A /* specialCaseFuncs.h in Headers */ = {isa = PBXBuildFile; fileRef = 4F248730113E52EF0005128A /* specialCaseFuncs.h */; };
		4F38ED35118C7C24007FC201 /* earlyExits.cpp in Sources */ = {isa = PBXBuildFile; fileRef = 4F38ED34118C7C24007FC201 /* earlyExits.cpp */; };
		4F821C2111534C6B00C1A201 /* specialCaseFuncs.cpp in Sources */ = {isa = PBXBuildFile; fileRef = 4F821C2011534C6B00C1A201 /* specialCaseFuncs.cpp */; };
		72570A4011383BFC00AA6AFB /* main.h in Headers */ = {isa = PBXBuildFile; fileRef = 72DEDEDA11344FDD00320691 /* main.h */; };
		72DEDEE911344FDD00320691 /* functions.cpp in Sources */ = {isa = PBXBuildFile; fileRef = 72DEDED011344FDD00320691 /* functions.cpp */; };
		72DEDEEA11344FDD00320691 /* common.h in Headers */ = {isa = PBXBuildFile; fileRef = 72DEDED111344FDD00320691 /* common.h */; };
		72DEDEEB11344FDD00320691 /* controlflow.cpp in Sources */ = {isa = PBXBuildFile; fileRef = 72DEDED311344FDD00320691 /* controlflow.cpp */; };
		72DEDEEC11344FDD00320691 /* controlflow.h in Headers */ = {isa = PBXBuildFile; fileRef = 72DEDED411344FDD00320691 /* controlflow.h */; };
		72DEDEED11344FDD00320691 /* scanfunction.cpp in Sources */ = {isa = PBXBuildFile; fileRef = 72DEDED611344FDD00320691 /* scanfunction.cpp */; };
		72DEDEEE11344FDD00320691 /* scanfunction.h in Headers */ = {isa = PBXBuildFile; fileRef = 72DEDED711344FDD00320691 /* scanfunction.h */; };
		72DEDEEF11344FDD00320691 /* functions.h in Headers */ = {isa = PBXBuildFile; fileRef = 72DEDED811344FDD00320691 /* functions.h */; };
		72DEDEF011344FDD00320691 /* main.cpp in Sources */ = {isa = PBXBuildFile; fileRef = 72DEDED911344FDD00320691 /* main.cpp */; };
		72DEDEF211344FDD00320691 /* masterLoop.cpp in Sources */ = {isa = PBXBuildFile; fileRef = 72DEDEDC11344FDD00320691 /* masterLoop.cpp */; };
		72DEDEF311344FDD00320691 /* masterLoop.h in Headers */ = {isa = PBXBuildFile; fileRef = 72DEDEDD11344FDD00320691 /* masterLoop.h */; };
		72DEDEF611344FDD00320691 /* properties.cpp in Sources */ = {isa = PBXBuildFile; fileRef = 72DEDEE011344FDD00320691 /* properties.cpp */; };
		72DEDEF711344FDD00320691 /* properties.h in Headers */ = {isa = PBXBuildFile; fileRef = 72DEDEE111344FDD00320691 /* properties.h */; };
		72DEDEF811344FDD00320691 /* scalarize.cpp in Sources */ = {isa = PBXBuildFile; fileRef = 72DEDEE311344FDD00320691 /* scalarize.cpp */; };
		72DEDEF911344FDD00320691 /* scalarize.h in Headers */ = {isa = PBXBuildFile; fileRef = 72DEDEE411344FDD00320691 /* scalarize.h */; };
		72DEDEFA11344FDD00320691 /* instData.cpp in Sources */ = {isa = PBXBuildFile; fileRef = 72DEDEE611344FDD00320691 /* instData.cpp */; };
		72DEDEFB11344FDD00320691 /* vectorize.cpp in Sources */ = {isa = PBXBuildFile; fileRef = 72DEDEE711344FDD00320691 /* vectorize.cpp */; };
		72DEDEFC11344FDD00320691 /* vectorize.h in Headers */ = {isa = PBXBuildFile; fileRef = 72DEDEE811344FDD00320691 /* vectorize.h */; };
		72DEDF031134508000320691 /* Vectorizer.h in Headers */ = {isa = PBXBuildFile; fileRef = 72DEDF021134508000320691 /* Vectorizer.h */; };
		72DEDF131134512B00320691 /* libLLVMContainer.dylib in Frameworks */ = {isa = PBXBuildFile; fileRef = 72DEDF121134512B00320691 /* libLLVMContainer.dylib */; };
/* End PBXBuildFile section */

/* Begin PBXFileReference section */
		4F2486E6113E49A00005128A /* ModuleManager.cpp */ = {isa = PBXFileReference; fileEncoding = 4; lastKnownFileType = sourcecode.cpp.cpp; name = ModuleManager.cpp; path = moduleManager/ModuleManager.cpp; sourceTree = "<group>"; };
		4F2486E7113E49A00005128A /* ModuleManager.h */ = {isa = PBXFileReference; fileEncoding = 4; lastKnownFileType = sourcecode.c.h; name = ModuleManager.h; path = moduleManager/ModuleManager.h; sourceTree = "<group>"; };
		4F2486E8113E49A00005128A /* resolveSpecialCase.cpp */ = {isa = PBXFileReference; fileEncoding = 4; lastKnownFileType = sourcecode.cpp.cpp; name = resolveSpecialCase.cpp; path = moduleManager/resolveSpecialCase.cpp; sourceTree = "<group>"; };
		4F2486EC113E49CB0005128A /* scalarizeSpecialCase.cpp */ = {isa = PBXFileReference; fileEncoding = 4; lastKnownFileType = sourcecode.cpp.cpp; path = scalarizeSpecialCase.cpp; sourceTree = "<group>"; };
		4F2486EE113E49D50005128A /* vectorizeSpecialCase.cpp */ = {isa = PBXFileReference; fileEncoding = 4; lastKnownFileType = sourcecode.cpp.cpp; path = vectorizeSpecialCase.cpp; sourceTree = "<group>"; };
		4F248730113E52EF0005128A /* specialCaseFuncs.h */ = {isa = PBXFileReference; fileEncoding = 4; lastKnownFileType = sourcecode.c.h; path = specialCaseFuncs.h; sourceTree = "<group>"; };
		4F38ED34118C7C24007FC201 /* earlyExits.cpp */ = {isa = PBXFileReference; fileEncoding = 4; lastKnownFileType = sourcecode.cpp.cpp; path = earlyExits.cpp; sourceTree = "<group>"; };
		4F821C2011534C6B00C1A201 /* specialCaseFuncs.cpp */ = {isa = PBXFileReference; fileEncoding = 4; lastKnownFileType = sourcecode.cpp.cpp; path = specialCaseFuncs.cpp; sourceTree = "<group>"; };
		72DEDED011344FDD00320691 /* functions.cpp */ = {isa = PBXFileReference; fileEncoding = 4; lastKnownFileType = sourcecode.cpp.cpp; path = functions.cpp; sourceTree = "<group>"; };
		72DEDED111344FDD00320691 /* common.h */ = {isa = PBXFileReference; fileEncoding = 4; lastKnownFileType = sourcecode.c.h; path = common.h; sourceTree = "<group>"; };
		72DEDED311344FDD00320691 /* controlflow.cpp */ = {isa = PBXFileReference; fileEncoding = 4; lastKnownFileType = sourcecode.cpp.cpp; path = controlflow.cpp; sourceTree = "<group>"; };
		72DEDED411344FDD00320691 /* controlflow.h */ = {isa = PBXFileReference; fileEncoding = 4; lastKnownFileType = sourcecode.c.h; path = controlflow.h; sourceTree = "<group>"; };
		72DEDED611344FDD00320691 /* scanfunction.cpp */ = {isa = PBXFileReference; fileEncoding = 4; lastKnownFileType = sourcecode.cpp.cpp; path = scanfunction.cpp; sourceTree = "<group>"; };
		72DEDED711344FDD00320691 /* scanfunction.h */ = {isa = PBXFileReference; fileEncoding = 4; lastKnownFileType = sourcecode.c.h; path = scanfunction.h; sourceTree = "<group>"; };
		72DEDED811344FDD00320691 /* functions.h */ = {isa = PBXFileReference; fileEncoding = 4; lastKnownFileType = sourcecode.c.h; path = functions.h; sourceTree = "<group>"; };
		72DEDED911344FDD00320691 /* main.cpp */ = {isa = PBXFileReference; fileEncoding = 4; lastKnownFileType = sourcecode.cpp.cpp; path = main.cpp; sourceTree = "<group>"; };
		72DEDEDA11344FDD00320691 /* main.h */ = {isa = PBXFileReference; fileEncoding = 4; lastKnownFileType = sourcecode.c.h; path = main.h; sourceTree = "<group>"; };
		72DEDEDC11344FDD00320691 /* masterLoop.cpp */ = {isa = PBXFileReference; fileEncoding = 4; lastKnownFileType = sourcecode.cpp.cpp; path = masterLoop.cpp; sourceTree = "<group>"; };
		72DEDEDD11344FDD00320691 /* masterLoop.h */ = {isa = PBXFileReference; fileEncoding = 4; lastKnownFileType = sourcecode.c.h; path = masterLoop.h; sourceTree = "<group>"; };
		72DEDEE011344FDD00320691 /* properties.cpp */ = {isa = PBXFileReference; fileEncoding = 4; lastKnownFileType = sourcecode.cpp.cpp; path = properties.cpp; sourceTree = "<group>"; };
		72DEDEE111344FDD00320691 /* properties.h */ = {isa = PBXFileReference; fileEncoding = 4; lastKnownFileType = sourcecode.c.h; path = properties.h; sourceTree = "<group>"; };
		72DEDEE311344FDD00320691 /* scalarize.cpp */ = {isa = PBXFileReference; fileEncoding = 4; lastKnownFileType = sourcecode.cpp.cpp; path = scalarize.cpp; sourceTree = "<group>"; };
		72DEDEE411344FDD00320691 /* scalarize.h */ = {isa = PBXFileReference; fileEncoding = 4; lastKnownFileType = sourcecode.c.h; path = scalarize.h; sourceTree = "<group>"; };
		72DEDEE611344FDD00320691 /* instData.cpp */ = {isa = PBXFileReference; fileEncoding = 4; lastKnownFileType = sourcecode.cpp.cpp; path = instData.cpp; sourceTree = "<group>"; };
		72DEDEE711344FDD00320691 /* vectorize.cpp */ = {isa = PBXFileReference; fileEncoding = 4; lastKnownFileType = sourcecode.cpp.cpp; path = vectorize.cpp; sourceTree = "<group>"; };
		72DEDEE811344FDD00320691 /* vectorize.h */ = {isa = PBXFileReference; fileEncoding = 4; lastKnownFileType = sourcecode.c.h; path = vectorize.h; sourceTree = "<group>"; };
		72DEDF021134508000320691 /* Vectorizer.h */ = {isa = PBXFileReference; fileEncoding = 4; lastKnownFileType = sourcecode.c.h; path = Vectorizer.h; sourceTree = "<group>"; };
		72DEDF121134512B00320691 /* libLLVMContainer.dylib */ = {isa = PBXFileReference; lastKnownFileType = "compiled.mach-o.dylib"; name = libLLVMContainer.dylib; path = /System/Library/Frameworks/OpenGL.framework/Versions/A/Libraries/libLLVMContainer.dylib; sourceTree = "<absolute>"; };
		D2AAC09D05546B4700DB518D /* Vectorizer.dylib */ = {isa = PBXFileReference; explicitFileType = "compiled.mach-o.dylib"; includeInIndex = 0; path = Vectorizer.dylib; sourceTree = BUILT_PRODUCTS_DIR; };
/* End PBXFileReference section */

/* Begin PBXFrameworksBuildPhase section */
		D2AAC09B05546B4700DB518D /* Frameworks */ = {
			isa = PBXFrameworksBuildPhase;
			buildActionMask = 2147483647;
			files = (
				72DEDF131134512B00320691 /* libLLVMContainer.dylib in Frameworks */,
			);
			runOnlyForDeploymentPostprocessing = 0;
		};
/* End PBXFrameworksBuildPhase section */

/* Begin PBXGroup section */
		034768DDFF38A45A11DB9C8B /* Products */ = {
			isa = PBXGroup;
			children = (
				D2AAC09D05546B4700DB518D /* Vectorizer.dylib */,
			);
			name = Products;
			sourceTree = "<group>";
		};
		0867D691FE84028FC02AAC07 /* Vectorizer */ = {
			isa = PBXGroup;
			children = (
				08FB77ACFE841707C02AAC07 /* Source */,
				0867D69AFE84028FC02AAC07 /* External Frameworks and Libraries */,
				034768DDFF38A45A11DB9C8B /* Products */,
			);
			name = Vectorizer;
			sourceTree = "<group>";
		};
		0867D69AFE84028FC02AAC07 /* External Frameworks and Libraries */ = {
			isa = PBXGroup;
			children = (
				72DEDF121134512B00320691 /* libLLVMContainer.dylib */,
			);
			name = "External Frameworks and Libraries";
			sourceTree = "<group>";
		};
		08FB77ACFE841707C02AAC07 /* Source */ = {
			isa = PBXGroup;
			children = (
				4F2486E1113E496D0005128A /* moduleManager */,
				72DEDECF11344FDD00320691 /* Apple_funcs */,
				72DEDED211344FDD00320691 /* controlflow */,
				72DEDED511344FDD00320691 /* funcScans */,
				72DEDEDB11344FDD00320691 /* masterLoop */,
				72DEDEE211344FDD00320691 /* scalarize */,
				72DEDEE511344FDD00320691 /* vectorize */,
				72DEDED911344FDD00320691 /* main.cpp */,
				72DEDEDA11344FDD00320691 /* main.h */,
				72DEDEE011344FDD00320691 /* properties.cpp */,
				72DEDEE111344FDD00320691 /* properties.h */,
				72DEDED811344FDD00320691 /* functions.h */,
				72DEDF021134508000320691 /* Vectorizer.h */,
				72DEDED111344FDD00320691 /* common.h */,
				4F248730113E52EF0005128A /* specialCaseFuncs.h */,
				4F821C2011534C6B00C1A201 /* specialCaseFuncs.cpp */,
			);
			name = Source;
			sourceTree = "<group>";
		};
		4F2486E1113E496D0005128A /* moduleManager */ = {
			isa = PBXGroup;
			children = (
				4F2486E6113E49A00005128A /* ModuleManager.cpp */,
				4F2486E7113E49A00005128A /* ModuleManager.h */,
				4F2486E8113E49A00005128A /* resolveSpecialCase.cpp */,
			);
			name = moduleManager;
			sourceTree = "<group>";
		};
		72DEDECF11344FDD00320691 /* Apple_funcs */ = {
			isa = PBXGroup;
			children = (
				72DEDED011344FDD00320691 /* functions.cpp */,
			);
			path = Apple_funcs;
			sourceTree = "<group>";
		};
		72DEDED211344FDD00320691 /* controlflow */ = {
			isa = PBXGroup;
			children = (
				4F38ED34118C7C24007FC201 /* earlyExits.cpp */,
				72DEDED311344FDD00320691 /* controlflow.cpp */,
				72DEDED411344FDD00320691 /* controlflow.h */,
			);
			path = controlflow;
			sourceTree = "<group>";
		};
		72DEDED511344FDD00320691 /* funcScans */ = {
			isa = PBXGroup;
			children = (
				72DEDED611344FDD00320691 /* scanfunction.cpp */,
				72DEDED711344FDD00320691 /* scanfunction.h */,
			);
			path = funcScans;
			sourceTree = "<group>";
		};
		72DEDEDB11344FDD00320691 /* masterLoop */ = {
			isa = PBXGroup;
			children = (
				72DEDEDC11344FDD00320691 /* masterLoop.cpp */,
				72DEDEDD11344FDD00320691 /* masterLoop.h */,
			);
			path = masterLoop;
			sourceTree = "<group>";
		};
		72DEDEE211344FDD00320691 /* scalarize */ = {
			isa = PBXGroup;
			children = (
				4F2486EC113E49CB0005128A /* scalarizeSpecialCase.cpp */,
				72DEDEE311344FDD00320691 /* scalarize.cpp */,
				72DEDEE411344FDD00320691 /* scalarize.h */,
			);
			path = scalarize;
			sourceTree = "<group>";
		};
		72DEDEE511344FDD00320691 /* vectorize */ = {
			isa = PBXGroup;
			children = (
				4F2486EE113E49D50005128A /* vectorizeSpecialCase.cpp */,
				72DEDEE611344FDD00320691 /* instData.cpp */,
				72DEDEE711344FDD00320691 /* vectorize.cpp */,
				72DEDEE811344FDD00320691 /* vectorize.h */,
			);
			path = vectorize;
			sourceTree = "<group>";
		};
/* End PBXGroup section */

/* Begin PBXHeadersBuildPhase section */
		D2AAC09905546B4700DB518D /* Headers */ = {
			isa = PBXHeadersBuildPhase;
			buildActionMask = 2147483647;
			files = (
				72DEDEEA11344FDD00320691 /* common.h in Headers */,
				72DEDEEC11344FDD00320691 /* controlflow.h in Headers */,
				72DEDEEE11344FDD00320691 /* scanfunction.h in Headers */,
				72DEDEEF11344FDD00320691 /* functions.h in Headers */,
				72DEDEF311344FDD00320691 /* masterLoop.h in Headers */,
				72DEDEF711344FDD00320691 /* properties.h in Headers */,
				72DEDEF911344FDD00320691 /* scalarize.h in Headers */,
				72DEDEFC11344FDD00320691 /* vectorize.h in Headers */,
				72DEDF031134508000320691 /* Vectorizer.h in Headers */,
				72570A4011383BFC00AA6AFB /* main.h in Headers */,
				4F2486EA113E49A00005128A /* ModuleManager.h in Headers */,
				4F248731113E52EF0005128A /* specialCaseFuncs.h in Headers */,
			);
			runOnlyForDeploymentPostprocessing = 0;
		};
/* End PBXHeadersBuildPhase section */

/* Begin PBXNativeTarget section */
		D2AAC09C05546B4700DB518D /* Vectorizer */ = {
			isa = PBXNativeTarget;
			buildConfigurationList = 1DEB916008733D950010E9CD /* Build configuration list for PBXNativeTarget "Vectorizer" */;
			buildPhases = (
				D2AAC09905546B4700DB518D /* Headers */,
				D2AAC09B05546B4700DB518D /* Frameworks */,
				D2AAC09A05546B4700DB518D /* Sources */,
			);
			buildRules = (
			);
			dependencies = (
			);
			name = Vectorizer;
			productName = libVectorizer;
			productReference = D2AAC09D05546B4700DB518D /* Vectorizer.dylib */;
			productType = "com.apple.product-type.library.dynamic";
		};
/* End PBXNativeTarget section */

/* Begin PBXProject section */
		0867D690FE84028FC02AAC07 /* Project object */ = {
			isa = PBXProject;
			buildConfigurationList = 1DEB916408733D950010E9CD /* Build configuration list for PBXProject "Vectorizer" */;
			compatibilityVersion = "Xcode 3.1";
			developmentRegion = English;
			hasScannedForEncodings = 1;
			knownRegions = (
				English,
				Japanese,
				French,
				German,
			);
			mainGroup = 0867D691FE84028FC02AAC07 /* Vectorizer */;
			productRefGroup = 034768DDFF38A45A11DB9C8B /* Products */;
			projectDirPath = "";
			projectRoot = "";
			targets = (
				D2AAC09C05546B4700DB518D /* Vectorizer */,
			);
		};
/* End PBXProject section */

/* Begin PBXSourcesBuildPhase section */
		D2AAC09A05546B4700DB518D /* Sources */ = {
			isa = PBXSourcesBuildPhase;
			buildActionMask = 2147483647;
			files = (
				72DEDEE911344FDD00320691 /* functions.cpp in Sources */,
				72DEDEEB11344FDD00320691 /* controlflow.cpp in Sources */,
				72DEDEED11344FDD00320691 /* scanfunction.cpp in Sources */,
				72DEDEF011344FDD00320691 /* main.cpp in Sources */,
				72DEDEF211344FDD00320691 /* masterLoop.cpp in Sources */,
				72DEDEF611344FDD00320691 /* properties.cpp in Sources */,
				72DEDEF811344FDD00320691 /* scalarize.cpp in Sources */,
				72DEDEFA11344FDD00320691 /* instData.cpp in Sources */,
				72DEDEFB11344FDD00320691 /* vectorize.cpp in Sources */,
				4F2486E9113E49A00005128A /* ModuleManager.cpp in Sources */,
				4F2486EB113E49A00005128A /* resolveSpecialCase.cpp in Sources */,
				4F2486ED113E49CB0005128A /* scalarizeSpecialCase.cpp in Sources */,
				4F2486EF113E49D50005128A /* vectorizeSpecialCase.cpp in Sources */,
				4F821C2111534C6B00C1A201 /* specialCaseFuncs.cpp in Sources */,
				4F38ED35118C7C24007FC201 /* earlyExits.cpp in Sources */,
			);
			runOnlyForDeploymentPostprocessing = 0;
		};
/* End PBXSourcesBuildPhase section */

/* Begin XCBuildConfiguration section */
		1DEB916108733D950010E9CD /* Debug */ = {
			isa = XCBuildConfiguration;
			buildSettings = {
				ALWAYS_SEARCH_USER_PATHS = NO;
				COPY_PHASE_STRIP = NO;
				DEBUG_INFORMATION_FORMAT = "dwarf-with-dsym";
				EXPORTED_SYMBOLS_FILE = Vectorizer.exp;
				INSTALL_PATH = /System/Library/Frameworks/OpenCL.framework/Versions/A/Libraries;
				LIBRARY_SEARCH_PATHS = (
					"$(inherited)",
					"\"$(SYSTEM_LIBRARY_DIR)/Frameworks/OpenGL.framework/Versions/A/Libraries\"",
				);
				LOOP = 128;
				ONLY_ACTIVE_ARCH = NO;
				OTHER_CPLUSPLUSFLAGS = (
					"-DMAX_LOOP_SIZE=$(LOOP)",
					"-DASSERT_UNEXPECTED",
					"-D__STDC_CONSTANT_MACROS=1",
					"-D__STDC_LIMIT_MACROS=1",
					"$(OTHER_CFLAGS)",
				);
				PRODUCT_NAME = Vectorizer;
				USER_HEADER_SEARCH_PATHS = /System/Library/Frameworks/OpenGL.framework/PrivateHeaders/llvm/include;
			};
			name = Debug;
		};
		1DEB916208733D950010E9CD /* Release */ = {
			isa = XCBuildConfiguration;
			buildSettings = {
				ALWAYS_SEARCH_USER_PATHS = NO;
				DEBUG_INFORMATION_FORMAT = "dwarf-with-dsym";
				EXPORTED_SYMBOLS_FILE = Vectorizer.exp;
				INSTALL_PATH = /System/Library/Frameworks/OpenCL.framework/Versions/A/Libraries;
				LIBRARY_SEARCH_PATHS = (
					"$(inherited)",
					"\"$(SYSTEM_LIBRARY_DIR)/Frameworks/OpenGL.framework/Versions/A/Libraries\"",
				);
				LOOP = 128;
				ONLY_ACTIVE_ARCH = NO;
				OTHER_CPLUSPLUSFLAGS = (
					"-DRELEASE=1",
					"-DMAX_LOOP_SIZE=$(LOOP)",
					"-DASSERT_UNEXPECTED",
					"-D__STDC_CONSTANT_MACROS=1",
					"-D__STDC_LIMIT_MACROS=1",
					"$(OTHER_CFLAGS)",
				);
				PRODUCT_NAME = Vectorizer;
				STRIP_INSTALLED_PRODUCT = YES;
				STRIP_STYLE = "non-global";
				USER_HEADER_SEARCH_PATHS = /System/Library/Frameworks/OpenGL.framework/PrivateHeaders/llvm/include;
			};
			name = Release;
		};
		1DEB916508733D950010E9CD /* Debug */ = {
			isa = XCBuildConfiguration;
			buildSettings = {
				ARCHS = "$(ARCHS_STANDARD_32_64_BIT)";
				GCC_ENABLE_CPP_EXCEPTIONS = NO;
				GCC_ENABLE_CPP_RTTI = YES;
				GCC_OPTIMIZATION_LEVEL = 0;
				GCC_WARN_ABOUT_RETURN_TYPE = YES;
				GCC_WARN_UNUSED_VARIABLE = YES;
				RUN_CLANG_STATIC_ANALYZER = YES;
				VALID_ARCHS = "i386 x86_64";
				WARNING_CFLAGS = "-Wglobal-constructors";
			};
			name = Debug;
		};
		1DEB916608733D950010E9CD /* Release */ = {
			isa = XCBuildConfiguration;
			buildSettings = {
				ARCHS = "$(ARCHS_STANDARD_32_64_BIT)";
				GCC_ENABLE_CPP_EXCEPTIONS = NO;
				GCC_ENABLE_CPP_RTTI = YES;
				GCC_WARN_ABOUT_RETURN_TYPE = YES;
				GCC_WARN_UNUSED_VARIABLE = YES;
				RUN_CLANG_STATIC_ANALYZER = YES;
				VALID_ARCHS = "i386 x86_64";
				WARNING_CFLAGS = "-Wglobal-constructors";
			};
			name = Release;
		};
/* End XCBuildConfiguration section */

/* Begin XCConfigurationList section */
		1DEB916008733D950010E9CD /* Build configuration list for PBXNativeTarget "Vectorizer" */ = {
			isa = XCConfigurationList;
			buildConfigurations = (
				1DEB916108733D950010E9CD /* Debug */,
				1DEB916208733D950010E9CD /* Release */,
			);
			defaultConfigurationIsVisible = 0;
			defaultConfigurationName = Release;
		};
		1DEB916408733D950010E9CD /* Build configuration list for PBXProject "Vectorizer" */ = {
			isa = XCConfigurationList;
			buildConfigurations = (
				1DEB916508733D950010E9CD /* Debug */,
				1DEB916608733D950010E9CD /* Release */,
			);
			defaultConfigurationIsVisible = 0;
			defaultConfigurationName = Release;
		};
/* End XCConfigurationList section */
	};
	rootObject = 0867D690FE84028FC02AAC07 /* Project object */;
}
